// !$*UTF8*$!
{
	archiveVersion = 1;
	classes = {
	};
	objectVersion = 56;
	objects = {

/* Begin PBXBuildFile section */
		30B56CAF2AF242DE0060F559 /* InterviewEpisode.swift in Sources */ = {isa = PBXBuildFile; fileRef = 30B56CAE2AF242DE0060F559 /* InterviewEpisode.swift */; };
		30C6891A2AF0D3AF00C54250 /* AppDelegate.swift in Sources */ = {isa = PBXBuildFile; fileRef = 30C689192AF0D3AF00C54250 /* AppDelegate.swift */; };
		30C6891C2AF0D3AF00C54250 /* SceneDelegate.swift in Sources */ = {isa = PBXBuildFile; fileRef = 30C6891B2AF0D3AF00C54250 /* SceneDelegate.swift */; };
		30C689212AF0D3AF00C54250 /* Main.storyboard in Resources */ = {isa = PBXBuildFile; fileRef = 30C6891F2AF0D3AF00C54250 /* Main.storyboard */; };
		30C689232AF0D3B000C54250 /* Assets.xcassets in Resources */ = {isa = PBXBuildFile; fileRef = 30C689222AF0D3B000C54250 /* Assets.xcassets */; };
		30C689262AF0D3B000C54250 /* LaunchScreen.storyboard in Resources */ = {isa = PBXBuildFile; fileRef = 30C689242AF0D3B000C54250 /* LaunchScreen.storyboard */; };
		30C689312AF0D3B000C54250 /* KKInterviewTests.swift in Sources */ = {isa = PBXBuildFile; fileRef = 30C689302AF0D3B000C54250 /* KKInterviewTests.swift */; };
		30C6893B2AF0D3B000C54250 /* KKInterviewUITests.swift in Sources */ = {isa = PBXBuildFile; fileRef = 30C6893A2AF0D3B000C54250 /* KKInterviewUITests.swift */; };
		30C6893D2AF0D3B000C54250 /* KKInterviewUITestsLaunchTests.swift in Sources */ = {isa = PBXBuildFile; fileRef = 30C6893C2AF0D3B000C54250 /* KKInterviewUITestsLaunchTests.swift */; };
		30C6894B2AF0D41D00C54250 /* ComposableArchitecture in Frameworks */ = {isa = PBXBuildFile; productRef = 30C6894A2AF0D41D00C54250 /* ComposableArchitecture */; };
		30C689502AF0D63D00C54250 /* RootTabBarViewController.swift in Sources */ = {isa = PBXBuildFile; fileRef = 30C6894F2AF0D63D00C54250 /* RootTabBarViewController.swift */; };
		30C689532AF0D67000C54250 /* RootTabBarStore.swift in Sources */ = {isa = PBXBuildFile; fileRef = 30C689522AF0D67000C54250 /* RootTabBarStore.swift */; };
		30C6895D2AF0E69800C54250 /* FriendsViewController.swift in Sources */ = {isa = PBXBuildFile; fileRef = 30C6895C2AF0E69800C54250 /* FriendsViewController.swift */; };
		30C689602AF0E7D900C54250 /* FloatingPanel in Frameworks */ = {isa = PBXBuildFile; productRef = 30C6895F2AF0E7D900C54250 /* FloatingPanel */; };
		30C689652AF0E83800C54250 /* UIComponent in Frameworks */ = {isa = PBXBuildFile; productRef = 30C689642AF0E83800C54250 /* UIComponent */; };
		30C6896C2AF0EE6B00C54250 /* PersonalInfoComponent.swift in Sources */ = {isa = PBXBuildFile; fileRef = 30C6896B2AF0EE6B00C54250 /* PersonalInfoComponent.swift */; };
		30C6896E2AF0EF9600C54250 /* FriendPageComponent.swift in Sources */ = {isa = PBXBuildFile; fileRef = 30C6896D2AF0EF9600C54250 /* FriendPageComponent.swift */; };
		30C689722AF0F25300C54250 /* EmptyFriendsComponent.swift in Sources */ = {isa = PBXBuildFile; fileRef = 30C689712AF0F25300C54250 /* EmptyFriendsComponent.swift */; };
		30C6897A2AF101EE00C54250 /* FriendsPageIndicatorComponent.swift in Sources */ = {isa = PBXBuildFile; fileRef = 30C689792AF101EE00C54250 /* FriendsPageIndicatorComponent.swift */; };
		30C6897C2AF102C200C54250 /* FriendListComponent.swift in Sources */ = {isa = PBXBuildFile; fileRef = 30C6897B2AF102C200C54250 /* FriendListComponent.swift */; };
		30C6897E2AF1D6BE00C54250 /* Route.swift in Sources */ = {isa = PBXBuildFile; fileRef = 30C6897D2AF1D6BE00C54250 /* Route.swift */; };
		30C689812AF1D73600C54250 /* HttpMethod.swift in Sources */ = {isa = PBXBuildFile; fileRef = 30C689802AF1D73600C54250 /* HttpMethod.swift */; };
		30C689832AF1D78D00C54250 /* Service+RequestHelpers.swift in Sources */ = {isa = PBXBuildFile; fileRef = 30C689822AF1D78D00C54250 /* Service+RequestHelpers.swift */; };
		30C689862AF1D8F000C54250 /* User.swift in Sources */ = {isa = PBXBuildFile; fileRef = 30C689852AF1D8F000C54250 /* User.swift */; };
		30C689892AF1DB7B00C54250 /* Environment.swift in Sources */ = {isa = PBXBuildFile; fileRef = 30C689882AF1DB7B00C54250 /* Environment.swift */; };
		30C6898B2AF1DC5B00C54250 /* AppEnvironment.swift in Sources */ = {isa = PBXBuildFile; fileRef = 30C6898A2AF1DC5B00C54250 /* AppEnvironment.swift */; };
		30C6898D2AF1E0FF00C54250 /* Notifications.swift in Sources */ = {isa = PBXBuildFile; fileRef = 30C6898C2AF1E0FF00C54250 /* Notifications.swift */; };
		30C689902AF1E1FB00C54250 /* FriendsStore.swift in Sources */ = {isa = PBXBuildFile; fileRef = 30C6898F2AF1E1FB00C54250 /* FriendsStore.swift */; };
		30C689922AF1E58500C54250 /* ServiceMonitor.swift in Sources */ = {isa = PBXBuildFile; fileRef = 30C689912AF1E58500C54250 /* ServiceMonitor.swift */; };
		30C689942AF1EE1B00C54250 /* Person.swift in Sources */ = {isa = PBXBuildFile; fileRef = 30C689932AF1EE1B00C54250 /* Person.swift */; };
		44F73FBC2AF1418F0073E499 /* FriendsInvitationComponent.swift in Sources */ = {isa = PBXBuildFile; fileRef = 44F73FBB2AF1418F0073E499 /* FriendsInvitationComponent.swift */; };
		44F73FCB2AF14E110073E499 /* KKLibrary.docc in Sources */ = {isa = PBXBuildFile; fileRef = 44F73FCA2AF14E110073E499 /* KKLibrary.docc */; };
		44F73FD12AF14E110073E499 /* KKLibrary.framework in Frameworks */ = {isa = PBXBuildFile; fileRef = 44F73FC72AF14E110073E499 /* KKLibrary.framework */; };
		44F73FD82AF14E110073E499 /* KKLibraryTests.swift in Sources */ = {isa = PBXBuildFile; fileRef = 44F73FD72AF14E110073E499 /* KKLibraryTests.swift */; };
		44F73FD92AF14E110073E499 /* KKLibrary.h in Headers */ = {isa = PBXBuildFile; fileRef = 44F73FC92AF14E110073E499 /* KKLibrary.h */; settings = {ATTRIBUTES = (Public, ); }; };
		44F73FDC2AF14E110073E499 /* KKLibrary.framework in Frameworks */ = {isa = PBXBuildFile; fileRef = 44F73FC72AF14E110073E499 /* KKLibrary.framework */; };
		44F73FDD2AF14E110073E499 /* KKLibrary.framework in Embed Frameworks */ = {isa = PBXBuildFile; fileRef = 44F73FC72AF14E110073E499 /* KKLibrary.framework */; settings = {ATTRIBUTES = (CodeSignOnCopy, RemoveHeadersOnCopy, ); }; };
		44F73FE62AF14E6F0073E499 /* KKServiceProtocol.swift in Sources */ = {isa = PBXBuildFile; fileRef = 44F73FE52AF14E6F0073E499 /* KKServiceProtocol.swift */; };
		44F73FE82AF14FAC0073E499 /* ServerConfig.swift in Sources */ = {isa = PBXBuildFile; fileRef = 44F73FE72AF14FAC0073E499 /* ServerConfig.swift */; };
		44F73FEA2AF150F80073E499 /* KKService.swift in Sources */ = {isa = PBXBuildFile; fileRef = 44F73FE92AF150F80073E499 /* KKService.swift */; };
		44F73FF32AF298400073E499 /* AddContactViewController.swift in Sources */ = {isa = PBXBuildFile; fileRef = 44F73FF22AF298400073E499 /* AddContactViewController.swift */; };
		44F73FFD2AF29C860073E499 /* KKUILibrary.docc in Sources */ = {isa = PBXBuildFile; fileRef = 44F73FFC2AF29C860073E499 /* KKUILibrary.docc */; };
		44F740032AF29C860073E499 /* KKUILibrary.framework in Frameworks */ = {isa = PBXBuildFile; fileRef = 44F73FF92AF29C860073E499 /* KKUILibrary.framework */; };
		44F7400A2AF29C860073E499 /* KKUILibraryTests.swift in Sources */ = {isa = PBXBuildFile; fileRef = 44F740092AF29C860073E499 /* KKUILibraryTests.swift */; };
		44F7400B2AF29C860073E499 /* KKUILibrary.h in Headers */ = {isa = PBXBuildFile; fileRef = 44F73FFB2AF29C860073E499 /* KKUILibrary.h */; settings = {ATTRIBUTES = (Public, ); }; };
		44F7400E2AF29C860073E499 /* KKUILibrary.framework in Frameworks */ = {isa = PBXBuildFile; fileRef = 44F73FF92AF29C860073E499 /* KKUILibrary.framework */; };
		44F7400F2AF29C860073E499 /* KKUILibrary.framework in Embed Frameworks */ = {isa = PBXBuildFile; fileRef = 44F73FF92AF29C860073E499 /* KKUILibrary.framework */; settings = {ATTRIBUTES = (CodeSignOnCopy, RemoveHeadersOnCopy, ); }; };
		44F740182AF29C990073E499 /* SearchBarView.swift in Sources */ = {isa = PBXBuildFile; fileRef = 44F73FB92AF13EC80073E499 /* SearchBarView.swift */; };
		44F740192AF29C990073E499 /* LinearGradient.swift in Sources */ = {isa = PBXBuildFile; fileRef = 30C689732AF0FC6100C54250 /* LinearGradient.swift */; };
		44F7401B2AF29C990073E499 /* Colors.swift in Sources */ = {isa = PBXBuildFile; fileRef = 30C689582AF0E54900C54250 /* Colors.swift */; };
		44F7401C2AF29C990073E499 /* NavigationHeaderPanelLayout.swift in Sources */ = {isa = PBXBuildFile; fileRef = 30C689682AF0E8F400C54250 /* NavigationHeaderPanelLayout.swift */; };
		44F740202AF29C990073E499 /* TabBarPanelLayout.swift in Sources */ = {isa = PBXBuildFile; fileRef = 30B56CA72AF236B30060F559 /* TabBarPanelLayout.swift */; };
		44F740212AF29C990073E499 /* Font.swift in Sources */ = {isa = PBXBuildFile; fileRef = 30C6896F2AF0F02300C54250 /* Font.swift */; };
		44F740242AF29D0C0073E499 /* RootViewControllerData.swift in Sources */ = {isa = PBXBuildFile; fileRef = 30C689552AF0DCCD00C54250 /* RootViewControllerData.swift */; };
		44F740262AF29D7E0073E499 /* FloatingPanel in Frameworks */ = {isa = PBXBuildFile; productRef = 44F740252AF29D7E0073E499 /* FloatingPanel */; };
		44F740272AF29DA70073E499 /* Extension+String.swift in Sources */ = {isa = PBXBuildFile; fileRef = 44F73FBF2AF149B00073E499 /* Extension+String.swift */; };
		44F740282AF29DA70073E499 /* Extension+Sequence.swift in Sources */ = {isa = PBXBuildFile; fileRef = 30C689952AF1FA2700C54250 /* Extension+Sequence.swift */; };
		44F7402C2AF2A0DB0073E499 /* FloatingContentViewController.swift in Sources */ = {isa = PBXBuildFile; fileRef = 30C689662AF0E86700C54250 /* FloatingContentViewController.swift */; };
		44F7402D2AF2A0DE0073E499 /* Color.swift in Sources */ = {isa = PBXBuildFile; fileRef = 30C689772AF1010800C54250 /* Color.swift */; };
		44F7402E2AF2A0E10073E499 /* Extension+Component.swift in Sources */ = {isa = PBXBuildFile; fileRef = 44F73FBD2AF143DE0073E499 /* Extension+Component.swift */; };
		44F7402F2AF2A0E40073E499 /* KKTabBarView.swift in Sources */ = {isa = PBXBuildFile; fileRef = 30B56CA92AF237870060F559 /* KKTabBarView.swift */; };
		44F740372AF2A4EC0073E499 /* AppDelegate.swift in Sources */ = {isa = PBXBuildFile; fileRef = 44F740362AF2A4EC0073E499 /* AppDelegate.swift */; };
		44F740392AF2A4EC0073E499 /* SceneDelegate.swift in Sources */ = {isa = PBXBuildFile; fileRef = 44F740382AF2A4EC0073E499 /* SceneDelegate.swift */; };
		44F7403B2AF2A4EC0073E499 /* ViewController.swift in Sources */ = {isa = PBXBuildFile; fileRef = 44F7403A2AF2A4EC0073E499 /* ViewController.swift */; };
		44F7403E2AF2A4EC0073E499 /* Main.storyboard in Resources */ = {isa = PBXBuildFile; fileRef = 44F7403C2AF2A4EC0073E499 /* Main.storyboard */; };
		44F740402AF2A4EE0073E499 /* Assets.xcassets in Resources */ = {isa = PBXBuildFile; fileRef = 44F7403F2AF2A4EE0073E499 /* Assets.xcassets */; };
		44F740432AF2A4EE0073E499 /* LaunchScreen.storyboard in Resources */ = {isa = PBXBuildFile; fileRef = 44F740412AF2A4EE0073E499 /* LaunchScreen.storyboard */; };
		44F7404E2AF2A4EF0073E499 /* KKInterview2Tests.swift in Sources */ = {isa = PBXBuildFile; fileRef = 44F7404D2AF2A4EF0073E499 /* KKInterview2Tests.swift */; };
		44F740582AF2A4EF0073E499 /* KKInterview2UITests.swift in Sources */ = {isa = PBXBuildFile; fileRef = 44F740572AF2A4EF0073E499 /* KKInterview2UITests.swift */; };
		44F7405A2AF2A4EF0073E499 /* KKInterview2UITestsLaunchTests.swift in Sources */ = {isa = PBXBuildFile; fileRef = 44F740592AF2A4EF0073E499 /* KKInterview2UITestsLaunchTests.swift */; };
/* End PBXBuildFile section */

/* Begin PBXContainerItemProxy section */
		30C6892D2AF0D3B000C54250 /* PBXContainerItemProxy */ = {
			isa = PBXContainerItemProxy;
			containerPortal = 30C6890E2AF0D3AF00C54250 /* Project object */;
			proxyType = 1;
			remoteGlobalIDString = 30C689152AF0D3AF00C54250;
			remoteInfo = KKInterview;
		};
		30C689372AF0D3B000C54250 /* PBXContainerItemProxy */ = {
			isa = PBXContainerItemProxy;
			containerPortal = 30C6890E2AF0D3AF00C54250 /* Project object */;
			proxyType = 1;
			remoteGlobalIDString = 30C689152AF0D3AF00C54250;
			remoteInfo = KKInterview;
		};
		44F73FD22AF14E110073E499 /* PBXContainerItemProxy */ = {
			isa = PBXContainerItemProxy;
			containerPortal = 30C6890E2AF0D3AF00C54250 /* Project object */;
			proxyType = 1;
			remoteGlobalIDString = 44F73FC62AF14E110073E499;
			remoteInfo = KKLibrary;
		};
		44F73FD42AF14E110073E499 /* PBXContainerItemProxy */ = {
			isa = PBXContainerItemProxy;
			containerPortal = 30C6890E2AF0D3AF00C54250 /* Project object */;
			proxyType = 1;
			remoteGlobalIDString = 30C689152AF0D3AF00C54250;
			remoteInfo = KKInterview;
		};
		44F73FDA2AF14E110073E499 /* PBXContainerItemProxy */ = {
			isa = PBXContainerItemProxy;
			containerPortal = 30C6890E2AF0D3AF00C54250 /* Project object */;
			proxyType = 1;
			remoteGlobalIDString = 44F73FC62AF14E110073E499;
			remoteInfo = KKLibrary;
		};
		44F740042AF29C860073E499 /* PBXContainerItemProxy */ = {
			isa = PBXContainerItemProxy;
			containerPortal = 30C6890E2AF0D3AF00C54250 /* Project object */;
			proxyType = 1;
			remoteGlobalIDString = 44F73FF82AF29C860073E499;
			remoteInfo = KKUILibrary;
		};
		44F740062AF29C860073E499 /* PBXContainerItemProxy */ = {
			isa = PBXContainerItemProxy;
			containerPortal = 30C6890E2AF0D3AF00C54250 /* Project object */;
			proxyType = 1;
			remoteGlobalIDString = 30C689152AF0D3AF00C54250;
			remoteInfo = KKInterview;
		};
		44F7400C2AF29C860073E499 /* PBXContainerItemProxy */ = {
			isa = PBXContainerItemProxy;
			containerPortal = 30C6890E2AF0D3AF00C54250 /* Project object */;
			proxyType = 1;
			remoteGlobalIDString = 44F73FF82AF29C860073E499;
			remoteInfo = KKUILibrary;
		};
		44F7404A2AF2A4EF0073E499 /* PBXContainerItemProxy */ = {
			isa = PBXContainerItemProxy;
			containerPortal = 30C6890E2AF0D3AF00C54250 /* Project object */;
			proxyType = 1;
			remoteGlobalIDString = 44F740332AF2A4EC0073E499;
			remoteInfo = KKInterview2;
		};
		44F740542AF2A4EF0073E499 /* PBXContainerItemProxy */ = {
			isa = PBXContainerItemProxy;
			containerPortal = 30C6890E2AF0D3AF00C54250 /* Project object */;
			proxyType = 1;
			remoteGlobalIDString = 44F740332AF2A4EC0073E499;
			remoteInfo = KKInterview2;
		};
/* End PBXContainerItemProxy section */

/* Begin PBXCopyFilesBuildPhase section */
		44F73FE12AF14E110073E499 /* Embed Frameworks */ = {
			isa = PBXCopyFilesBuildPhase;
			buildActionMask = 2147483647;
			dstPath = "";
			dstSubfolderSpec = 10;
			files = (
				44F7400F2AF29C860073E499 /* KKUILibrary.framework in Embed Frameworks */,
				44F73FDD2AF14E110073E499 /* KKLibrary.framework in Embed Frameworks */,
			);
			name = "Embed Frameworks";
			runOnlyForDeploymentPostprocessing = 0;
		};
/* End PBXCopyFilesBuildPhase section */

/* Begin PBXFileReference section */
		30B56CA72AF236B30060F559 /* TabBarPanelLayout.swift */ = {isa = PBXFileReference; lastKnownFileType = sourcecode.swift; path = TabBarPanelLayout.swift; sourceTree = "<group>"; };
		30B56CA92AF237870060F559 /* KKTabBarView.swift */ = {isa = PBXFileReference; lastKnownFileType = sourcecode.swift; path = KKTabBarView.swift; sourceTree = "<group>"; };
		30B56CAE2AF242DE0060F559 /* InterviewEpisode.swift */ = {isa = PBXFileReference; lastKnownFileType = sourcecode.swift; path = InterviewEpisode.swift; sourceTree = "<group>"; };
		30C689162AF0D3AF00C54250 /* KKInterview.app */ = {isa = PBXFileReference; explicitFileType = wrapper.application; includeInIndex = 0; path = KKInterview.app; sourceTree = BUILT_PRODUCTS_DIR; };
		30C689192AF0D3AF00C54250 /* AppDelegate.swift */ = {isa = PBXFileReference; lastKnownFileType = sourcecode.swift; path = AppDelegate.swift; sourceTree = "<group>"; };
		30C6891B2AF0D3AF00C54250 /* SceneDelegate.swift */ = {isa = PBXFileReference; lastKnownFileType = sourcecode.swift; path = SceneDelegate.swift; sourceTree = "<group>"; };
		30C689202AF0D3AF00C54250 /* Base */ = {isa = PBXFileReference; lastKnownFileType = file.storyboard; name = Base; path = Base.lproj/Main.storyboard; sourceTree = "<group>"; };
		30C689222AF0D3B000C54250 /* Assets.xcassets */ = {isa = PBXFileReference; lastKnownFileType = folder.assetcatalog; path = Assets.xcassets; sourceTree = "<group>"; };
		30C689252AF0D3B000C54250 /* Base */ = {isa = PBXFileReference; lastKnownFileType = file.storyboard; name = Base; path = Base.lproj/LaunchScreen.storyboard; sourceTree = "<group>"; };
		30C689272AF0D3B000C54250 /* Info.plist */ = {isa = PBXFileReference; lastKnownFileType = text.plist.xml; path = Info.plist; sourceTree = "<group>"; };
		30C6892C2AF0D3B000C54250 /* KKInterviewTests.xctest */ = {isa = PBXFileReference; explicitFileType = wrapper.cfbundle; includeInIndex = 0; path = KKInterviewTests.xctest; sourceTree = BUILT_PRODUCTS_DIR; };
		30C689302AF0D3B000C54250 /* KKInterviewTests.swift */ = {isa = PBXFileReference; lastKnownFileType = sourcecode.swift; path = KKInterviewTests.swift; sourceTree = "<group>"; };
		30C689362AF0D3B000C54250 /* KKInterviewUITests.xctest */ = {isa = PBXFileReference; explicitFileType = wrapper.cfbundle; includeInIndex = 0; path = KKInterviewUITests.xctest; sourceTree = BUILT_PRODUCTS_DIR; };
		30C6893A2AF0D3B000C54250 /* KKInterviewUITests.swift */ = {isa = PBXFileReference; lastKnownFileType = sourcecode.swift; path = KKInterviewUITests.swift; sourceTree = "<group>"; };
		30C6893C2AF0D3B000C54250 /* KKInterviewUITestsLaunchTests.swift */ = {isa = PBXFileReference; lastKnownFileType = sourcecode.swift; path = KKInterviewUITestsLaunchTests.swift; sourceTree = "<group>"; };
		30C6894F2AF0D63D00C54250 /* RootTabBarViewController.swift */ = {isa = PBXFileReference; lastKnownFileType = sourcecode.swift; path = RootTabBarViewController.swift; sourceTree = "<group>"; };
		30C689522AF0D67000C54250 /* RootTabBarStore.swift */ = {isa = PBXFileReference; lastKnownFileType = sourcecode.swift; path = RootTabBarStore.swift; sourceTree = "<group>"; };
		30C689552AF0DCCD00C54250 /* RootViewControllerData.swift */ = {isa = PBXFileReference; lastKnownFileType = sourcecode.swift; path = RootViewControllerData.swift; sourceTree = "<group>"; };
		30C689582AF0E54900C54250 /* Colors.swift */ = {isa = PBXFileReference; lastKnownFileType = sourcecode.swift; path = Colors.swift; sourceTree = "<group>"; };
		30C6895C2AF0E69800C54250 /* FriendsViewController.swift */ = {isa = PBXFileReference; lastKnownFileType = sourcecode.swift; path = FriendsViewController.swift; sourceTree = "<group>"; };
		30C689662AF0E86700C54250 /* FloatingContentViewController.swift */ = {isa = PBXFileReference; lastKnownFileType = sourcecode.swift; path = FloatingContentViewController.swift; sourceTree = "<group>"; };
		30C689682AF0E8F400C54250 /* NavigationHeaderPanelLayout.swift */ = {isa = PBXFileReference; lastKnownFileType = sourcecode.swift; path = NavigationHeaderPanelLayout.swift; sourceTree = "<group>"; };
		30C6896B2AF0EE6B00C54250 /* PersonalInfoComponent.swift */ = {isa = PBXFileReference; lastKnownFileType = sourcecode.swift; path = PersonalInfoComponent.swift; sourceTree = "<group>"; };
		30C6896D2AF0EF9600C54250 /* FriendPageComponent.swift */ = {isa = PBXFileReference; lastKnownFileType = sourcecode.swift; path = FriendPageComponent.swift; sourceTree = "<group>"; };
		30C6896F2AF0F02300C54250 /* Font.swift */ = {isa = PBXFileReference; lastKnownFileType = sourcecode.swift; path = Font.swift; sourceTree = "<group>"; };
		30C689712AF0F25300C54250 /* EmptyFriendsComponent.swift */ = {isa = PBXFileReference; lastKnownFileType = sourcecode.swift; path = EmptyFriendsComponent.swift; sourceTree = "<group>"; };
		30C689732AF0FC6100C54250 /* LinearGradient.swift */ = {isa = PBXFileReference; lastKnownFileType = sourcecode.swift; path = LinearGradient.swift; sourceTree = "<group>"; };
		30C689772AF1010800C54250 /* Color.swift */ = {isa = PBXFileReference; lastKnownFileType = sourcecode.swift; path = Color.swift; sourceTree = "<group>"; };
		30C689792AF101EE00C54250 /* FriendsPageIndicatorComponent.swift */ = {isa = PBXFileReference; lastKnownFileType = sourcecode.swift; path = FriendsPageIndicatorComponent.swift; sourceTree = "<group>"; };
		30C6897B2AF102C200C54250 /* FriendListComponent.swift */ = {isa = PBXFileReference; lastKnownFileType = sourcecode.swift; path = FriendListComponent.swift; sourceTree = "<group>"; };
		30C6897D2AF1D6BE00C54250 /* Route.swift */ = {isa = PBXFileReference; lastKnownFileType = sourcecode.swift; path = Route.swift; sourceTree = "<group>"; };
		30C689802AF1D73600C54250 /* HttpMethod.swift */ = {isa = PBXFileReference; lastKnownFileType = sourcecode.swift; path = HttpMethod.swift; sourceTree = "<group>"; };
		30C689822AF1D78D00C54250 /* Service+RequestHelpers.swift */ = {isa = PBXFileReference; lastKnownFileType = sourcecode.swift; path = "Service+RequestHelpers.swift"; sourceTree = "<group>"; };
		30C689852AF1D8F000C54250 /* User.swift */ = {isa = PBXFileReference; lastKnownFileType = sourcecode.swift; path = User.swift; sourceTree = "<group>"; };
		30C689882AF1DB7B00C54250 /* Environment.swift */ = {isa = PBXFileReference; lastKnownFileType = sourcecode.swift; path = Environment.swift; sourceTree = "<group>"; };
		30C6898A2AF1DC5B00C54250 /* AppEnvironment.swift */ = {isa = PBXFileReference; lastKnownFileType = sourcecode.swift; path = AppEnvironment.swift; sourceTree = "<group>"; };
		30C6898C2AF1E0FF00C54250 /* Notifications.swift */ = {isa = PBXFileReference; lastKnownFileType = sourcecode.swift; path = Notifications.swift; sourceTree = "<group>"; };
		30C6898F2AF1E1FB00C54250 /* FriendsStore.swift */ = {isa = PBXFileReference; lastKnownFileType = sourcecode.swift; path = FriendsStore.swift; sourceTree = "<group>"; };
		30C689912AF1E58500C54250 /* ServiceMonitor.swift */ = {isa = PBXFileReference; lastKnownFileType = sourcecode.swift; path = ServiceMonitor.swift; sourceTree = "<group>"; };
		30C689932AF1EE1B00C54250 /* Person.swift */ = {isa = PBXFileReference; lastKnownFileType = sourcecode.swift; path = Person.swift; sourceTree = "<group>"; };
		30C689952AF1FA2700C54250 /* Extension+Sequence.swift */ = {isa = PBXFileReference; lastKnownFileType = sourcecode.swift; path = "Extension+Sequence.swift"; sourceTree = "<group>"; };
		44F73FB92AF13EC80073E499 /* SearchBarView.swift */ = {isa = PBXFileReference; lastKnownFileType = sourcecode.swift; path = SearchBarView.swift; sourceTree = "<group>"; };
		44F73FBB2AF1418F0073E499 /* FriendsInvitationComponent.swift */ = {isa = PBXFileReference; lastKnownFileType = sourcecode.swift; path = FriendsInvitationComponent.swift; sourceTree = "<group>"; };
		44F73FBD2AF143DE0073E499 /* Extension+Component.swift */ = {isa = PBXFileReference; lastKnownFileType = sourcecode.swift; path = "Extension+Component.swift"; sourceTree = "<group>"; };
		44F73FBF2AF149B00073E499 /* Extension+String.swift */ = {isa = PBXFileReference; lastKnownFileType = sourcecode.swift; path = "Extension+String.swift"; sourceTree = "<group>"; };
		44F73FC72AF14E110073E499 /* KKLibrary.framework */ = {isa = PBXFileReference; explicitFileType = wrapper.framework; includeInIndex = 0; path = KKLibrary.framework; sourceTree = BUILT_PRODUCTS_DIR; };
		44F73FC92AF14E110073E499 /* KKLibrary.h */ = {isa = PBXFileReference; lastKnownFileType = sourcecode.c.h; path = KKLibrary.h; sourceTree = "<group>"; };
		44F73FCA2AF14E110073E499 /* KKLibrary.docc */ = {isa = PBXFileReference; lastKnownFileType = folder.documentationcatalog; path = KKLibrary.docc; sourceTree = "<group>"; };
		44F73FD02AF14E110073E499 /* KKLibraryTests.xctest */ = {isa = PBXFileReference; explicitFileType = wrapper.cfbundle; includeInIndex = 0; path = KKLibraryTests.xctest; sourceTree = BUILT_PRODUCTS_DIR; };
		44F73FD72AF14E110073E499 /* KKLibraryTests.swift */ = {isa = PBXFileReference; lastKnownFileType = sourcecode.swift; path = KKLibraryTests.swift; sourceTree = "<group>"; };
		44F73FE52AF14E6F0073E499 /* KKServiceProtocol.swift */ = {isa = PBXFileReference; lastKnownFileType = sourcecode.swift; path = KKServiceProtocol.swift; sourceTree = "<group>"; };
		44F73FE72AF14FAC0073E499 /* ServerConfig.swift */ = {isa = PBXFileReference; lastKnownFileType = sourcecode.swift; path = ServerConfig.swift; sourceTree = "<group>"; };
		44F73FE92AF150F80073E499 /* KKService.swift */ = {isa = PBXFileReference; lastKnownFileType = sourcecode.swift; path = KKService.swift; sourceTree = "<group>"; };
		44F73FF22AF298400073E499 /* AddContactViewController.swift */ = {isa = PBXFileReference; lastKnownFileType = sourcecode.swift; path = AddContactViewController.swift; sourceTree = "<group>"; };
		44F73FF92AF29C860073E499 /* KKUILibrary.framework */ = {isa = PBXFileReference; explicitFileType = wrapper.framework; includeInIndex = 0; path = KKUILibrary.framework; sourceTree = BUILT_PRODUCTS_DIR; };
		44F73FFB2AF29C860073E499 /* KKUILibrary.h */ = {isa = PBXFileReference; lastKnownFileType = sourcecode.c.h; path = KKUILibrary.h; sourceTree = "<group>"; };
		44F73FFC2AF29C860073E499 /* KKUILibrary.docc */ = {isa = PBXFileReference; lastKnownFileType = folder.documentationcatalog; path = KKUILibrary.docc; sourceTree = "<group>"; };
		44F740022AF29C860073E499 /* KKUILibraryTests.xctest */ = {isa = PBXFileReference; explicitFileType = wrapper.cfbundle; includeInIndex = 0; path = KKUILibraryTests.xctest; sourceTree = BUILT_PRODUCTS_DIR; };
		44F740092AF29C860073E499 /* KKUILibraryTests.swift */ = {isa = PBXFileReference; lastKnownFileType = sourcecode.swift; path = KKUILibraryTests.swift; sourceTree = "<group>"; };
		44F740342AF2A4EC0073E499 /* KKInterview2.app */ = {isa = PBXFileReference; explicitFileType = wrapper.application; includeInIndex = 0; path = KKInterview2.app; sourceTree = BUILT_PRODUCTS_DIR; };
		44F740362AF2A4EC0073E499 /* AppDelegate.swift */ = {isa = PBXFileReference; lastKnownFileType = sourcecode.swift; path = AppDelegate.swift; sourceTree = "<group>"; };
		44F740382AF2A4EC0073E499 /* SceneDelegate.swift */ = {isa = PBXFileReference; lastKnownFileType = sourcecode.swift; path = SceneDelegate.swift; sourceTree = "<group>"; };
		44F7403A2AF2A4EC0073E499 /* ViewController.swift */ = {isa = PBXFileReference; lastKnownFileType = sourcecode.swift; path = ViewController.swift; sourceTree = "<group>"; };
		44F7403D2AF2A4EC0073E499 /* Base */ = {isa = PBXFileReference; lastKnownFileType = file.storyboard; name = Base; path = Base.lproj/Main.storyboard; sourceTree = "<group>"; };
		44F7403F2AF2A4EE0073E499 /* Assets.xcassets */ = {isa = PBXFileReference; lastKnownFileType = folder.assetcatalog; path = Assets.xcassets; sourceTree = "<group>"; };
		44F740422AF2A4EE0073E499 /* Base */ = {isa = PBXFileReference; lastKnownFileType = file.storyboard; name = Base; path = Base.lproj/LaunchScreen.storyboard; sourceTree = "<group>"; };
		44F740442AF2A4EE0073E499 /* Info.plist */ = {isa = PBXFileReference; lastKnownFileType = text.plist.xml; path = Info.plist; sourceTree = "<group>"; };
		44F740492AF2A4EF0073E499 /* KKInterview2Tests.xctest */ = {isa = PBXFileReference; explicitFileType = wrapper.cfbundle; includeInIndex = 0; path = KKInterview2Tests.xctest; sourceTree = BUILT_PRODUCTS_DIR; };
		44F7404D2AF2A4EF0073E499 /* KKInterview2Tests.swift */ = {isa = PBXFileReference; lastKnownFileType = sourcecode.swift; path = KKInterview2Tests.swift; sourceTree = "<group>"; };
		44F740532AF2A4EF0073E499 /* KKInterview2UITests.xctest */ = {isa = PBXFileReference; explicitFileType = wrapper.cfbundle; includeInIndex = 0; path = KKInterview2UITests.xctest; sourceTree = BUILT_PRODUCTS_DIR; };
		44F740572AF2A4EF0073E499 /* KKInterview2UITests.swift */ = {isa = PBXFileReference; lastKnownFileType = sourcecode.swift; path = KKInterview2UITests.swift; sourceTree = "<group>"; };
		44F740592AF2A4EF0073E499 /* KKInterview2UITestsLaunchTests.swift */ = {isa = PBXFileReference; lastKnownFileType = sourcecode.swift; path = KKInterview2UITestsLaunchTests.swift; sourceTree = "<group>"; };
/* End PBXFileReference section */

/* Begin PBXFrameworksBuildPhase section */
		30C689132AF0D3AF00C54250 /* Frameworks */ = {
			isa = PBXFrameworksBuildPhase;
			buildActionMask = 2147483647;
			files = (
				30C6894B2AF0D41D00C54250 /* ComposableArchitecture in Frameworks */,
				30C689652AF0E83800C54250 /* UIComponent in Frameworks */,
				44F7400E2AF29C860073E499 /* KKUILibrary.framework in Frameworks */,
				44F73FDC2AF14E110073E499 /* KKLibrary.framework in Frameworks */,
				30C689602AF0E7D900C54250 /* FloatingPanel in Frameworks */,
			);
			runOnlyForDeploymentPostprocessing = 0;
		};
		30C689292AF0D3B000C54250 /* Frameworks */ = {
			isa = PBXFrameworksBuildPhase;
			buildActionMask = 2147483647;
			files = (
			);
			runOnlyForDeploymentPostprocessing = 0;
		};
		30C689332AF0D3B000C54250 /* Frameworks */ = {
			isa = PBXFrameworksBuildPhase;
			buildActionMask = 2147483647;
			files = (
			);
			runOnlyForDeploymentPostprocessing = 0;
		};
		44F73FC42AF14E110073E499 /* Frameworks */ = {
			isa = PBXFrameworksBuildPhase;
			buildActionMask = 2147483647;
			files = (
			);
			runOnlyForDeploymentPostprocessing = 0;
		};
		44F73FCD2AF14E110073E499 /* Frameworks */ = {
			isa = PBXFrameworksBuildPhase;
			buildActionMask = 2147483647;
			files = (
				44F73FD12AF14E110073E499 /* KKLibrary.framework in Frameworks */,
			);
			runOnlyForDeploymentPostprocessing = 0;
		};
		44F73FF62AF29C860073E499 /* Frameworks */ = {
			isa = PBXFrameworksBuildPhase;
			buildActionMask = 2147483647;
			files = (
				44F740262AF29D7E0073E499 /* FloatingPanel in Frameworks */,
			);
			runOnlyForDeploymentPostprocessing = 0;
		};
		44F73FFF2AF29C860073E499 /* Frameworks */ = {
			isa = PBXFrameworksBuildPhase;
			buildActionMask = 2147483647;
			files = (
				44F740032AF29C860073E499 /* KKUILibrary.framework in Frameworks */,
			);
			runOnlyForDeploymentPostprocessing = 0;
		};
		44F740312AF2A4EC0073E499 /* Frameworks */ = {
			isa = PBXFrameworksBuildPhase;
			buildActionMask = 2147483647;
			files = (
			);
			runOnlyForDeploymentPostprocessing = 0;
		};
		44F740462AF2A4EF0073E499 /* Frameworks */ = {
			isa = PBXFrameworksBuildPhase;
			buildActionMask = 2147483647;
			files = (
			);
			runOnlyForDeploymentPostprocessing = 0;
		};
		44F740502AF2A4EF0073E499 /* Frameworks */ = {
			isa = PBXFrameworksBuildPhase;
			buildActionMask = 2147483647;
			files = (
			);
			runOnlyForDeploymentPostprocessing = 0;
		};
/* End PBXFrameworksBuildPhase section */

/* Begin PBXGroup section */
		30B56CAD2AF242AF0060F559 /* Episode */ = {
			isa = PBXGroup;
			children = (
				30B56CAE2AF242DE0060F559 /* InterviewEpisode.swift */,
			);
			path = Episode;
			sourceTree = "<group>";
		};
		30C6890D2AF0D3AF00C54250 = {
			isa = PBXGroup;
			children = (
				30C689182AF0D3AF00C54250 /* KKInterview */,
				30C6892F2AF0D3B000C54250 /* KKInterviewTests */,
				30C689392AF0D3B000C54250 /* KKInterviewUITests */,
				44F73FC82AF14E110073E499 /* KKLibrary */,
				44F73FD62AF14E110073E499 /* KKLibraryTests */,
				44F73FFA2AF29C860073E499 /* KKUILibrary */,
				44F740082AF29C860073E499 /* KKUILibraryTests */,
				44F740352AF2A4EC0073E499 /* KKInterview2 */,
				44F7404C2AF2A4EF0073E499 /* KKInterview2Tests */,
				44F740562AF2A4EF0073E499 /* KKInterview2UITests */,
				30C689172AF0D3AF00C54250 /* Products */,
				30C689982AF1FC0000C54250 /* Frameworks */,
			);
			sourceTree = "<group>";
		};
		30C689172AF0D3AF00C54250 /* Products */ = {
			isa = PBXGroup;
			children = (
				30C689162AF0D3AF00C54250 /* KKInterview.app */,
				30C6892C2AF0D3B000C54250 /* KKInterviewTests.xctest */,
				30C689362AF0D3B000C54250 /* KKInterviewUITests.xctest */,
				44F73FC72AF14E110073E499 /* KKLibrary.framework */,
				44F73FD02AF14E110073E499 /* KKLibraryTests.xctest */,
				44F73FF92AF29C860073E499 /* KKUILibrary.framework */,
				44F740022AF29C860073E499 /* KKUILibraryTests.xctest */,
				44F740342AF2A4EC0073E499 /* KKInterview2.app */,
				44F740492AF2A4EF0073E499 /* KKInterview2Tests.xctest */,
				44F740532AF2A4EF0073E499 /* KKInterview2UITests.xctest */,
			);
			name = Products;
			sourceTree = "<group>";
		};
		30C689182AF0D3AF00C54250 /* KKInterview */ = {
			isa = PBXGroup;
			children = (
				44F7402B2AF2A05C0073E499 /* Shared */,
				30B56CAD2AF242AF0060F559 /* Episode */,
				30C689872AF1DB2A00C54250 /* Library */,
				30C6895A2AF0E66700C54250 /* Features */,
				30C689192AF0D3AF00C54250 /* AppDelegate.swift */,
				30C6891B2AF0D3AF00C54250 /* SceneDelegate.swift */,
				30C6891F2AF0D3AF00C54250 /* Main.storyboard */,
				30C689222AF0D3B000C54250 /* Assets.xcassets */,
				30C689242AF0D3B000C54250 /* LaunchScreen.storyboard */,
				30C689272AF0D3B000C54250 /* Info.plist */,
			);
			path = KKInterview;
			sourceTree = "<group>";
		};
		30C6892F2AF0D3B000C54250 /* KKInterviewTests */ = {
			isa = PBXGroup;
			children = (
				30C689302AF0D3B000C54250 /* KKInterviewTests.swift */,
			);
			path = KKInterviewTests;
			sourceTree = "<group>";
		};
		30C689392AF0D3B000C54250 /* KKInterviewUITests */ = {
			isa = PBXGroup;
			children = (
				30C6893A2AF0D3B000C54250 /* KKInterviewUITests.swift */,
				30C6893C2AF0D3B000C54250 /* KKInterviewUITestsLaunchTests.swift */,
			);
			path = KKInterviewUITests;
			sourceTree = "<group>";
		};
		30C6894C2AF0D42500C54250 /* Friends */ = {
			isa = PBXGroup;
			children = (
				30C6898E2AF1E16900C54250 /* Stores */,
				30C6896A2AF0EE5800C54250 /* Views */,
				30C6895B2AF0E68000C54250 /* ViewControllers */,
			);
			path = Friends;
			sourceTree = "<group>";
		};
		30C6894D2AF0D42F00C54250 /* RootTabBar */ = {
			isa = PBXGroup;
			children = (
				30C689512AF0D66100C54250 /* Stores */,
				30C6894E2AF0D62700C54250 /* ViewControllers */,
			);
			path = RootTabBar;
			sourceTree = "<group>";
		};
		30C6894E2AF0D62700C54250 /* ViewControllers */ = {
			isa = PBXGroup;
			children = (
				30C6894F2AF0D63D00C54250 /* RootTabBarViewController.swift */,
			);
			path = ViewControllers;
			sourceTree = "<group>";
		};
		30C689512AF0D66100C54250 /* Stores */ = {
			isa = PBXGroup;
			children = (
				30C689522AF0D67000C54250 /* RootTabBarStore.swift */,
			);
			path = Stores;
			sourceTree = "<group>";
		};
		30C6895A2AF0E66700C54250 /* Features */ = {
			isa = PBXGroup;
			children = (
				44F73FF02AF298250073E499 /* AddContact */,
				30C6894D2AF0D42F00C54250 /* RootTabBar */,
				30C6894C2AF0D42500C54250 /* Friends */,
			);
			path = Features;
			sourceTree = "<group>";
		};
		30C6895B2AF0E68000C54250 /* ViewControllers */ = {
			isa = PBXGroup;
			children = (
				30C6895C2AF0E69800C54250 /* FriendsViewController.swift */,
			);
			path = ViewControllers;
			sourceTree = "<group>";
		};
		30C6896A2AF0EE5800C54250 /* Views */ = {
			isa = PBXGroup;
			children = (
				30C6896B2AF0EE6B00C54250 /* PersonalInfoComponent.swift */,
				30C6896D2AF0EF9600C54250 /* FriendPageComponent.swift */,
				30C689712AF0F25300C54250 /* EmptyFriendsComponent.swift */,
				30C689792AF101EE00C54250 /* FriendsPageIndicatorComponent.swift */,
				30C6897B2AF102C200C54250 /* FriendListComponent.swift */,
				44F73FBB2AF1418F0073E499 /* FriendsInvitationComponent.swift */,
			);
			path = Views;
			sourceTree = "<group>";
		};
		30C6897F2AF1D72300C54250 /* lib */ = {
			isa = PBXGroup;
			children = (
				30C6897D2AF1D6BE00C54250 /* Route.swift */,
				30C689802AF1D73600C54250 /* HttpMethod.swift */,
				30C689912AF1E58500C54250 /* ServiceMonitor.swift */,
			);
			path = lib;
			sourceTree = "<group>";
		};
		30C689842AF1D8E900C54250 /* models */ = {
			isa = PBXGroup;
			children = (
				30C689852AF1D8F000C54250 /* User.swift */,
				30C689932AF1EE1B00C54250 /* Person.swift */,
			);
			path = models;
			sourceTree = "<group>";
		};
		30C689872AF1DB2A00C54250 /* Library */ = {
			isa = PBXGroup;
			children = (
				30C689882AF1DB7B00C54250 /* Environment.swift */,
				30C6898A2AF1DC5B00C54250 /* AppEnvironment.swift */,
				30C6898C2AF1E0FF00C54250 /* Notifications.swift */,
			);
			path = Library;
			sourceTree = "<group>";
		};
		30C6898E2AF1E16900C54250 /* Stores */ = {
			isa = PBXGroup;
			children = (
				30C6898F2AF1E1FB00C54250 /* FriendsStore.swift */,
			);
			path = Stores;
			sourceTree = "<group>";
		};
		30C689982AF1FC0000C54250 /* Frameworks */ = {
			isa = PBXGroup;
			children = (
			);
			name = Frameworks;
			sourceTree = "<group>";
		};
		44F73FC82AF14E110073E499 /* KKLibrary */ = {
			isa = PBXGroup;
			children = (
				44F73FBF2AF149B00073E499 /* Extension+String.swift */,
				30C689952AF1FA2700C54250 /* Extension+Sequence.swift */,
				30C689842AF1D8E900C54250 /* models */,
				30C6897F2AF1D72300C54250 /* lib */,
				44F73FC92AF14E110073E499 /* KKLibrary.h */,
				44F73FCA2AF14E110073E499 /* KKLibrary.docc */,
				44F73FE52AF14E6F0073E499 /* KKServiceProtocol.swift */,
				44F73FE72AF14FAC0073E499 /* ServerConfig.swift */,
				44F73FE92AF150F80073E499 /* KKService.swift */,
				30C689822AF1D78D00C54250 /* Service+RequestHelpers.swift */,
			);
			path = KKLibrary;
			sourceTree = "<group>";
		};
		44F73FD62AF14E110073E499 /* KKLibraryTests */ = {
			isa = PBXGroup;
			children = (
				44F73FD72AF14E110073E499 /* KKLibraryTests.swift */,
			);
			path = KKLibraryTests;
			sourceTree = "<group>";
		};
		44F73FF02AF298250073E499 /* AddContact */ = {
			isa = PBXGroup;
			children = (
				44F73FF12AF298310073E499 /* ViewControllers */,
			);
			path = AddContact;
			sourceTree = "<group>";
		};
		44F73FF12AF298310073E499 /* ViewControllers */ = {
			isa = PBXGroup;
			children = (
				44F73FF22AF298400073E499 /* AddContactViewController.swift */,
			);
			path = ViewControllers;
			sourceTree = "<group>";
		};
		44F73FFA2AF29C860073E499 /* KKUILibrary */ = {
			isa = PBXGroup;
			children = (
				30C689552AF0DCCD00C54250 /* RootViewControllerData.swift */,
				30C689582AF0E54900C54250 /* Colors.swift */,
				30C689682AF0E8F400C54250 /* NavigationHeaderPanelLayout.swift */,
				30C6896F2AF0F02300C54250 /* Font.swift */,
				30C689732AF0FC6100C54250 /* LinearGradient.swift */,
				44F73FB92AF13EC80073E499 /* SearchBarView.swift */,
				30B56CA72AF236B30060F559 /* TabBarPanelLayout.swift */,
				44F73FFB2AF29C860073E499 /* KKUILibrary.h */,
				44F73FFC2AF29C860073E499 /* KKUILibrary.docc */,
			);
			path = KKUILibrary;
			sourceTree = "<group>";
		};
		44F740082AF29C860073E499 /* KKUILibraryTests */ = {
			isa = PBXGroup;
			children = (
				44F740092AF29C860073E499 /* KKUILibraryTests.swift */,
			);
			path = KKUILibraryTests;
			sourceTree = "<group>";
		};
		44F7402B2AF2A05C0073E499 /* Shared */ = {
			isa = PBXGroup;
			children = (
				30C689662AF0E86700C54250 /* FloatingContentViewController.swift */,
				30C689772AF1010800C54250 /* Color.swift */,
				44F73FBD2AF143DE0073E499 /* Extension+Component.swift */,
				30B56CA92AF237870060F559 /* KKTabBarView.swift */,
			);
			path = Shared;
			sourceTree = "<group>";
		};
		44F740352AF2A4EC0073E499 /* KKInterview2 */ = {
			isa = PBXGroup;
			children = (
				44F740652AF2A5800073E499 /* Features */,
				44F740642AF2A57A0073E499 /* Shared */,
				44F740362AF2A4EC0073E499 /* AppDelegate.swift */,
				44F740382AF2A4EC0073E499 /* SceneDelegate.swift */,
				44F7403A2AF2A4EC0073E499 /* ViewController.swift */,
				44F7403C2AF2A4EC0073E499 /* Main.storyboard */,
				44F7403F2AF2A4EE0073E499 /* Assets.xcassets */,
				44F740412AF2A4EE0073E499 /* LaunchScreen.storyboard */,
				44F740442AF2A4EE0073E499 /* Info.plist */,
			);
			path = KKInterview2;
			sourceTree = "<group>";
		};
		44F7404C2AF2A4EF0073E499 /* KKInterview2Tests */ = {
			isa = PBXGroup;
			children = (
				44F7404D2AF2A4EF0073E499 /* KKInterview2Tests.swift */,
			);
			path = KKInterview2Tests;
			sourceTree = "<group>";
		};
		44F740562AF2A4EF0073E499 /* KKInterview2UITests */ = {
			isa = PBXGroup;
			children = (
				44F740572AF2A4EF0073E499 /* KKInterview2UITests.swift */,
				44F740592AF2A4EF0073E499 /* KKInterview2UITestsLaunchTests.swift */,
			);
			path = KKInterview2UITests;
			sourceTree = "<group>";
		};
		44F740642AF2A57A0073E499 /* Shared */ = {
			isa = PBXGroup;
			children = (
			);
			path = Shared;
			sourceTree = "<group>";
		};
		44F740652AF2A5800073E499 /* Features */ = {
			isa = PBXGroup;
			children = (
			);
			path = Features;
			sourceTree = "<group>";
		};
/* End PBXGroup section */

/* Begin PBXHeadersBuildPhase section */
		44F73FC22AF14E110073E499 /* Headers */ = {
			isa = PBXHeadersBuildPhase;
			buildActionMask = 2147483647;
			files = (
				44F73FD92AF14E110073E499 /* KKLibrary.h in Headers */,
			);
			runOnlyForDeploymentPostprocessing = 0;
		};
		44F73FF42AF29C860073E499 /* Headers */ = {
			isa = PBXHeadersBuildPhase;
			buildActionMask = 2147483647;
			files = (
				44F7400B2AF29C860073E499 /* KKUILibrary.h in Headers */,
			);
			runOnlyForDeploymentPostprocessing = 0;
		};
/* End PBXHeadersBuildPhase section */

/* Begin PBXNativeTarget section */
		30C689152AF0D3AF00C54250 /* KKInterview */ = {
			isa = PBXNativeTarget;
			buildConfigurationList = 30C689402AF0D3B000C54250 /* Build configuration list for PBXNativeTarget "KKInterview" */;
			buildPhases = (
				30C689122AF0D3AF00C54250 /* Sources */,
				30C689132AF0D3AF00C54250 /* Frameworks */,
				30C689142AF0D3AF00C54250 /* Resources */,
				44F73FE12AF14E110073E499 /* Embed Frameworks */,
			);
			buildRules = (
			);
			dependencies = (
				44F73FDB2AF14E110073E499 /* PBXTargetDependency */,
				44F7400D2AF29C860073E499 /* PBXTargetDependency */,
			);
			name = KKInterview;
			packageProductDependencies = (
				30C6894A2AF0D41D00C54250 /* ComposableArchitecture */,
				30C6895F2AF0E7D900C54250 /* FloatingPanel */,
				30C689642AF0E83800C54250 /* UIComponent */,
			);
			productName = KKInterview;
			productReference = 30C689162AF0D3AF00C54250 /* KKInterview.app */;
			productType = "com.apple.product-type.application";
		};
		30C6892B2AF0D3B000C54250 /* KKInterviewTests */ = {
			isa = PBXNativeTarget;
			buildConfigurationList = 30C689432AF0D3B000C54250 /* Build configuration list for PBXNativeTarget "KKInterviewTests" */;
			buildPhases = (
				30C689282AF0D3B000C54250 /* Sources */,
				30C689292AF0D3B000C54250 /* Frameworks */,
				30C6892A2AF0D3B000C54250 /* Resources */,
			);
			buildRules = (
			);
			dependencies = (
				30C6892E2AF0D3B000C54250 /* PBXTargetDependency */,
			);
			name = KKInterviewTests;
			productName = KKInterviewTests;
			productReference = 30C6892C2AF0D3B000C54250 /* KKInterviewTests.xctest */;
			productType = "com.apple.product-type.bundle.unit-test";
		};
		30C689352AF0D3B000C54250 /* KKInterviewUITests */ = {
			isa = PBXNativeTarget;
			buildConfigurationList = 30C689462AF0D3B000C54250 /* Build configuration list for PBXNativeTarget "KKInterviewUITests" */;
			buildPhases = (
				30C689322AF0D3B000C54250 /* Sources */,
				30C689332AF0D3B000C54250 /* Frameworks */,
				30C689342AF0D3B000C54250 /* Resources */,
			);
			buildRules = (
			);
			dependencies = (
				30C689382AF0D3B000C54250 /* PBXTargetDependency */,
			);
			name = KKInterviewUITests;
			productName = KKInterviewUITests;
			productReference = 30C689362AF0D3B000C54250 /* KKInterviewUITests.xctest */;
			productType = "com.apple.product-type.bundle.ui-testing";
		};
		44F73FC62AF14E110073E499 /* KKLibrary */ = {
			isa = PBXNativeTarget;
			buildConfigurationList = 44F73FDE2AF14E110073E499 /* Build configuration list for PBXNativeTarget "KKLibrary" */;
			buildPhases = (
				44F73FC22AF14E110073E499 /* Headers */,
				44F73FC32AF14E110073E499 /* Sources */,
				44F73FC42AF14E110073E499 /* Frameworks */,
				44F73FC52AF14E110073E499 /* Resources */,
			);
			buildRules = (
			);
			dependencies = (
			);
			name = KKLibrary;
			productName = KKLibrary;
			productReference = 44F73FC72AF14E110073E499 /* KKLibrary.framework */;
			productType = "com.apple.product-type.framework";
		};
		44F73FCF2AF14E110073E499 /* KKLibraryTests */ = {
			isa = PBXNativeTarget;
			buildConfigurationList = 44F73FE22AF14E110073E499 /* Build configuration list for PBXNativeTarget "KKLibraryTests" */;
			buildPhases = (
				44F73FCC2AF14E110073E499 /* Sources */,
				44F73FCD2AF14E110073E499 /* Frameworks */,
				44F73FCE2AF14E110073E499 /* Resources */,
			);
			buildRules = (
			);
			dependencies = (
				44F73FD32AF14E110073E499 /* PBXTargetDependency */,
				44F73FD52AF14E110073E499 /* PBXTargetDependency */,
			);
			name = KKLibraryTests;
			productName = KKLibraryTests;
			productReference = 44F73FD02AF14E110073E499 /* KKLibraryTests.xctest */;
			productType = "com.apple.product-type.bundle.unit-test";
		};
		44F73FF82AF29C860073E499 /* KKUILibrary */ = {
			isa = PBXNativeTarget;
			buildConfigurationList = 44F740102AF29C860073E499 /* Build configuration list for PBXNativeTarget "KKUILibrary" */;
			buildPhases = (
				44F73FF42AF29C860073E499 /* Headers */,
				44F73FF52AF29C860073E499 /* Sources */,
				44F73FF62AF29C860073E499 /* Frameworks */,
				44F73FF72AF29C860073E499 /* Resources */,
			);
			buildRules = (
			);
			dependencies = (
			);
			name = KKUILibrary;
			packageProductDependencies = (
				44F740252AF29D7E0073E499 /* FloatingPanel */,
			);
			productName = KKUILibrary;
			productReference = 44F73FF92AF29C860073E499 /* KKUILibrary.framework */;
			productType = "com.apple.product-type.framework";
		};
		44F740012AF29C860073E499 /* KKUILibraryTests */ = {
			isa = PBXNativeTarget;
			buildConfigurationList = 44F740132AF29C860073E499 /* Build configuration list for PBXNativeTarget "KKUILibraryTests" */;
			buildPhases = (
				44F73FFE2AF29C860073E499 /* Sources */,
				44F73FFF2AF29C860073E499 /* Frameworks */,
				44F740002AF29C860073E499 /* Resources */,
			);
			buildRules = (
			);
			dependencies = (
				44F740052AF29C860073E499 /* PBXTargetDependency */,
				44F740072AF29C860073E499 /* PBXTargetDependency */,
			);
			name = KKUILibraryTests;
			productName = KKUILibraryTests;
			productReference = 44F740022AF29C860073E499 /* KKUILibraryTests.xctest */;
			productType = "com.apple.product-type.bundle.unit-test";
		};
		44F740332AF2A4EC0073E499 /* KKInterview2 */ = {
			isa = PBXNativeTarget;
			buildConfigurationList = 44F7405B2AF2A4EF0073E499 /* Build configuration list for PBXNativeTarget "KKInterview2" */;
			buildPhases = (
				44F740302AF2A4EC0073E499 /* Sources */,
				44F740312AF2A4EC0073E499 /* Frameworks */,
				44F740322AF2A4EC0073E499 /* Resources */,
			);
			buildRules = (
			);
			dependencies = (
			);
			name = KKInterview2;
			productName = KKInterview2;
			productReference = 44F740342AF2A4EC0073E499 /* KKInterview2.app */;
			productType = "com.apple.product-type.application";
		};
		44F740482AF2A4EF0073E499 /* KKInterview2Tests */ = {
			isa = PBXNativeTarget;
			buildConfigurationList = 44F7405E2AF2A4EF0073E499 /* Build configuration list for PBXNativeTarget "KKInterview2Tests" */;
			buildPhases = (
				44F740452AF2A4EF0073E499 /* Sources */,
				44F740462AF2A4EF0073E499 /* Frameworks */,
				44F740472AF2A4EF0073E499 /* Resources */,
			);
			buildRules = (
			);
			dependencies = (
				44F7404B2AF2A4EF0073E499 /* PBXTargetDependency */,
			);
			name = KKInterview2Tests;
			productName = KKInterview2Tests;
			productReference = 44F740492AF2A4EF0073E499 /* KKInterview2Tests.xctest */;
			productType = "com.apple.product-type.bundle.unit-test";
		};
		44F740522AF2A4EF0073E499 /* KKInterview2UITests */ = {
			isa = PBXNativeTarget;
			buildConfigurationList = 44F740612AF2A4EF0073E499 /* Build configuration list for PBXNativeTarget "KKInterview2UITests" */;
			buildPhases = (
				44F7404F2AF2A4EF0073E499 /* Sources */,
				44F740502AF2A4EF0073E499 /* Frameworks */,
				44F740512AF2A4EF0073E499 /* Resources */,
			);
			buildRules = (
			);
			dependencies = (
				44F740552AF2A4EF0073E499 /* PBXTargetDependency */,
			);
			name = KKInterview2UITests;
			productName = KKInterview2UITests;
			productReference = 44F740532AF2A4EF0073E499 /* KKInterview2UITests.xctest */;
			productType = "com.apple.product-type.bundle.ui-testing";
		};
/* End PBXNativeTarget section */

/* Begin PBXProject section */
		30C6890E2AF0D3AF00C54250 /* Project object */ = {
			isa = PBXProject;
			attributes = {
				BuildIndependentTargetsInParallel = 1;
				LastSwiftUpdateCheck = 1500;
				LastUpgradeCheck = 1500;
				TargetAttributes = {
					30C689152AF0D3AF00C54250 = {
						CreatedOnToolsVersion = 15.0;
					};
					30C6892B2AF0D3B000C54250 = {
						CreatedOnToolsVersion = 15.0;
						TestTargetID = 30C689152AF0D3AF00C54250;
					};
					30C689352AF0D3B000C54250 = {
						CreatedOnToolsVersion = 15.0;
						TestTargetID = 30C689152AF0D3AF00C54250;
					};
					44F73FC62AF14E110073E499 = {
						CreatedOnToolsVersion = 15.0;
					};
					44F73FCF2AF14E110073E499 = {
						CreatedOnToolsVersion = 15.0;
						TestTargetID = 30C689152AF0D3AF00C54250;
					};
					44F73FF82AF29C860073E499 = {
						CreatedOnToolsVersion = 15.0;
					};
					44F740012AF29C860073E499 = {
						CreatedOnToolsVersion = 15.0;
						TestTargetID = 30C689152AF0D3AF00C54250;
					};
					44F740332AF2A4EC0073E499 = {
						CreatedOnToolsVersion = 15.0;
					};
					44F740482AF2A4EF0073E499 = {
						CreatedOnToolsVersion = 15.0;
						TestTargetID = 44F740332AF2A4EC0073E499;
					};
					44F740522AF2A4EF0073E499 = {
						CreatedOnToolsVersion = 15.0;
						TestTargetID = 44F740332AF2A4EC0073E499;
					};
				};
			};
			buildConfigurationList = 30C689112AF0D3AF00C54250 /* Build configuration list for PBXProject "KKInterview" */;
			compatibilityVersion = "Xcode 14.0";
			developmentRegion = en;
			hasScannedForEncodings = 0;
			knownRegions = (
				en,
				Base,
			);
			mainGroup = 30C6890D2AF0D3AF00C54250;
			packageReferences = (
				30C689492AF0D41C00C54250 /* XCRemoteSwiftPackageReference "swift-composable-architecture" */,
				30C6895E2AF0E7D900C54250 /* XCRemoteSwiftPackageReference "FloatingPanel" */,
				30C689632AF0E83800C54250 /* XCRemoteSwiftPackageReference "UIComponent" */,
			);
			productRefGroup = 30C689172AF0D3AF00C54250 /* Products */;
			projectDirPath = "";
			projectRoot = "";
			targets = (
				30C689152AF0D3AF00C54250 /* KKInterview */,
				30C6892B2AF0D3B000C54250 /* KKInterviewTests */,
				30C689352AF0D3B000C54250 /* KKInterviewUITests */,
				44F73FC62AF14E110073E499 /* KKLibrary */,
				44F73FCF2AF14E110073E499 /* KKLibraryTests */,
				44F73FF82AF29C860073E499 /* KKUILibrary */,
				44F740012AF29C860073E499 /* KKUILibraryTests */,
				44F740332AF2A4EC0073E499 /* KKInterview2 */,
				44F740482AF2A4EF0073E499 /* KKInterview2Tests */,
				44F740522AF2A4EF0073E499 /* KKInterview2UITests */,
			);
		};
/* End PBXProject section */

/* Begin PBXResourcesBuildPhase section */
		30C689142AF0D3AF00C54250 /* Resources */ = {
			isa = PBXResourcesBuildPhase;
			buildActionMask = 2147483647;
			files = (
				30C689262AF0D3B000C54250 /* LaunchScreen.storyboard in Resources */,
				30C689232AF0D3B000C54250 /* Assets.xcassets in Resources */,
				30C689212AF0D3AF00C54250 /* Main.storyboard in Resources */,
			);
			runOnlyForDeploymentPostprocessing = 0;
		};
		30C6892A2AF0D3B000C54250 /* Resources */ = {
			isa = PBXResourcesBuildPhase;
			buildActionMask = 2147483647;
			files = (
			);
			runOnlyForDeploymentPostprocessing = 0;
		};
		30C689342AF0D3B000C54250 /* Resources */ = {
			isa = PBXResourcesBuildPhase;
			buildActionMask = 2147483647;
			files = (
			);
			runOnlyForDeploymentPostprocessing = 0;
		};
		44F73FC52AF14E110073E499 /* Resources */ = {
			isa = PBXResourcesBuildPhase;
			buildActionMask = 2147483647;
			files = (
			);
			runOnlyForDeploymentPostprocessing = 0;
		};
		44F73FCE2AF14E110073E499 /* Resources */ = {
			isa = PBXResourcesBuildPhase;
			buildActionMask = 2147483647;
			files = (
			);
			runOnlyForDeploymentPostprocessing = 0;
		};
		44F73FF72AF29C860073E499 /* Resources */ = {
			isa = PBXResourcesBuildPhase;
			buildActionMask = 2147483647;
			files = (
			);
			runOnlyForDeploymentPostprocessing = 0;
		};
		44F740002AF29C860073E499 /* Resources */ = {
			isa = PBXResourcesBuildPhase;
			buildActionMask = 2147483647;
			files = (
			);
			runOnlyForDeploymentPostprocessing = 0;
		};
		44F740322AF2A4EC0073E499 /* Resources */ = {
			isa = PBXResourcesBuildPhase;
			buildActionMask = 2147483647;
			files = (
				44F740432AF2A4EE0073E499 /* LaunchScreen.storyboard in Resources */,
				44F740402AF2A4EE0073E499 /* Assets.xcassets in Resources */,
				44F7403E2AF2A4EC0073E499 /* Main.storyboard in Resources */,
			);
			runOnlyForDeploymentPostprocessing = 0;
		};
		44F740472AF2A4EF0073E499 /* Resources */ = {
			isa = PBXResourcesBuildPhase;
			buildActionMask = 2147483647;
			files = (
			);
			runOnlyForDeploymentPostprocessing = 0;
		};
		44F740512AF2A4EF0073E499 /* Resources */ = {
			isa = PBXResourcesBuildPhase;
			buildActionMask = 2147483647;
			files = (
			);
			runOnlyForDeploymentPostprocessing = 0;
		};
/* End PBXResourcesBuildPhase section */

/* Begin PBXSourcesBuildPhase section */
		30C689122AF0D3AF00C54250 /* Sources */ = {
			isa = PBXSourcesBuildPhase;
			buildActionMask = 2147483647;
			files = (
				30C689892AF1DB7B00C54250 /* Environment.swift in Sources */,
				30C689502AF0D63D00C54250 /* RootTabBarViewController.swift in Sources */,
				30C6897A2AF101EE00C54250 /* FriendsPageIndicatorComponent.swift in Sources */,
				44F73FBC2AF1418F0073E499 /* FriendsInvitationComponent.swift in Sources */,
				44F73FF32AF298400073E499 /* AddContactViewController.swift in Sources */,
				30B56CAF2AF242DE0060F559 /* InterviewEpisode.swift in Sources */,
				30C6896C2AF0EE6B00C54250 /* PersonalInfoComponent.swift in Sources */,
				30C6896E2AF0EF9600C54250 /* FriendPageComponent.swift in Sources */,
				44F7402F2AF2A0E40073E499 /* KKTabBarView.swift in Sources */,
				44F7402C2AF2A0DB0073E499 /* FloatingContentViewController.swift in Sources */,
				30C689722AF0F25300C54250 /* EmptyFriendsComponent.swift in Sources */,
				30C6891A2AF0D3AF00C54250 /* AppDelegate.swift in Sources */,
				44F7402E2AF2A0E10073E499 /* Extension+Component.swift in Sources */,
				44F7402D2AF2A0DE0073E499 /* Color.swift in Sources */,
				30C6895D2AF0E69800C54250 /* FriendsViewController.swift in Sources */,
				30C6898D2AF1E0FF00C54250 /* Notifications.swift in Sources */,
				30C689532AF0D67000C54250 /* RootTabBarStore.swift in Sources */,
				30C6898B2AF1DC5B00C54250 /* AppEnvironment.swift in Sources */,
				30C6897C2AF102C200C54250 /* FriendListComponent.swift in Sources */,
				30C689902AF1E1FB00C54250 /* FriendsStore.swift in Sources */,
				30C6891C2AF0D3AF00C54250 /* SceneDelegate.swift in Sources */,
			);
			runOnlyForDeploymentPostprocessing = 0;
		};
		30C689282AF0D3B000C54250 /* Sources */ = {
			isa = PBXSourcesBuildPhase;
			buildActionMask = 2147483647;
			files = (
				30C689312AF0D3B000C54250 /* KKInterviewTests.swift in Sources */,
			);
			runOnlyForDeploymentPostprocessing = 0;
		};
		30C689322AF0D3B000C54250 /* Sources */ = {
			isa = PBXSourcesBuildPhase;
			buildActionMask = 2147483647;
			files = (
				30C6893D2AF0D3B000C54250 /* KKInterviewUITestsLaunchTests.swift in Sources */,
				30C6893B2AF0D3B000C54250 /* KKInterviewUITests.swift in Sources */,
			);
			runOnlyForDeploymentPostprocessing = 0;
		};
		44F73FC32AF14E110073E499 /* Sources */ = {
			isa = PBXSourcesBuildPhase;
			buildActionMask = 2147483647;
			files = (
				44F740282AF29DA70073E499 /* Extension+Sequence.swift in Sources */,
				30C689942AF1EE1B00C54250 /* Person.swift in Sources */,
				44F73FE62AF14E6F0073E499 /* KKServiceProtocol.swift in Sources */,
				44F73FEA2AF150F80073E499 /* KKService.swift in Sources */,
				44F73FE82AF14FAC0073E499 /* ServerConfig.swift in Sources */,
				30C6897E2AF1D6BE00C54250 /* Route.swift in Sources */,
				30C689862AF1D8F000C54250 /* User.swift in Sources */,
				30C689922AF1E58500C54250 /* ServiceMonitor.swift in Sources */,
				44F740272AF29DA70073E499 /* Extension+String.swift in Sources */,
				30C689812AF1D73600C54250 /* HttpMethod.swift in Sources */,
				30C689832AF1D78D00C54250 /* Service+RequestHelpers.swift in Sources */,
				44F73FCB2AF14E110073E499 /* KKLibrary.docc in Sources */,
			);
			runOnlyForDeploymentPostprocessing = 0;
		};
		44F73FCC2AF14E110073E499 /* Sources */ = {
			isa = PBXSourcesBuildPhase;
			buildActionMask = 2147483647;
			files = (
				44F73FD82AF14E110073E499 /* KKLibraryTests.swift in Sources */,
			);
			runOnlyForDeploymentPostprocessing = 0;
		};
		44F73FF52AF29C860073E499 /* Sources */ = {
			isa = PBXSourcesBuildPhase;
			buildActionMask = 2147483647;
			files = (
				44F740202AF29C990073E499 /* TabBarPanelLayout.swift in Sources */,
				44F740182AF29C990073E499 /* SearchBarView.swift in Sources */,
				44F740242AF29D0C0073E499 /* RootViewControllerData.swift in Sources */,
				44F7401C2AF29C990073E499 /* NavigationHeaderPanelLayout.swift in Sources */,
				44F740212AF29C990073E499 /* Font.swift in Sources */,
				44F740192AF29C990073E499 /* LinearGradient.swift in Sources */,
				44F7401B2AF29C990073E499 /* Colors.swift in Sources */,
				44F73FFD2AF29C860073E499 /* KKUILibrary.docc in Sources */,
			);
			runOnlyForDeploymentPostprocessing = 0;
		};
		44F73FFE2AF29C860073E499 /* Sources */ = {
			isa = PBXSourcesBuildPhase;
			buildActionMask = 2147483647;
			files = (
				44F7400A2AF29C860073E499 /* KKUILibraryTests.swift in Sources */,
			);
			runOnlyForDeploymentPostprocessing = 0;
		};
		44F740302AF2A4EC0073E499 /* Sources */ = {
			isa = PBXSourcesBuildPhase;
			buildActionMask = 2147483647;
			files = (
				44F7403B2AF2A4EC0073E499 /* ViewController.swift in Sources */,
				44F740372AF2A4EC0073E499 /* AppDelegate.swift in Sources */,
				44F740392AF2A4EC0073E499 /* SceneDelegate.swift in Sources */,
			);
			runOnlyForDeploymentPostprocessing = 0;
		};
		44F740452AF2A4EF0073E499 /* Sources */ = {
			isa = PBXSourcesBuildPhase;
			buildActionMask = 2147483647;
			files = (
				44F7404E2AF2A4EF0073E499 /* KKInterview2Tests.swift in Sources */,
			);
			runOnlyForDeploymentPostprocessing = 0;
		};
		44F7404F2AF2A4EF0073E499 /* Sources */ = {
			isa = PBXSourcesBuildPhase;
			buildActionMask = 2147483647;
			files = (
				44F740582AF2A4EF0073E499 /* KKInterview2UITests.swift in Sources */,
				44F7405A2AF2A4EF0073E499 /* KKInterview2UITestsLaunchTests.swift in Sources */,
			);
			runOnlyForDeploymentPostprocessing = 0;
		};
/* End PBXSourcesBuildPhase section */

/* Begin PBXTargetDependency section */
		30C6892E2AF0D3B000C54250 /* PBXTargetDependency */ = {
			isa = PBXTargetDependency;
			target = 30C689152AF0D3AF00C54250 /* KKInterview */;
			targetProxy = 30C6892D2AF0D3B000C54250 /* PBXContainerItemProxy */;
		};
		30C689382AF0D3B000C54250 /* PBXTargetDependency */ = {
			isa = PBXTargetDependency;
			target = 30C689152AF0D3AF00C54250 /* KKInterview */;
			targetProxy = 30C689372AF0D3B000C54250 /* PBXContainerItemProxy */;
		};
		44F73FD32AF14E110073E499 /* PBXTargetDependency */ = {
			isa = PBXTargetDependency;
			target = 44F73FC62AF14E110073E499 /* KKLibrary */;
			targetProxy = 44F73FD22AF14E110073E499 /* PBXContainerItemProxy */;
		};
		44F73FD52AF14E110073E499 /* PBXTargetDependency */ = {
			isa = PBXTargetDependency;
			target = 30C689152AF0D3AF00C54250 /* KKInterview */;
			targetProxy = 44F73FD42AF14E110073E499 /* PBXContainerItemProxy */;
		};
		44F73FDB2AF14E110073E499 /* PBXTargetDependency */ = {
			isa = PBXTargetDependency;
			target = 44F73FC62AF14E110073E499 /* KKLibrary */;
			targetProxy = 44F73FDA2AF14E110073E499 /* PBXContainerItemProxy */;
		};
		44F740052AF29C860073E499 /* PBXTargetDependency */ = {
			isa = PBXTargetDependency;
			target = 44F73FF82AF29C860073E499 /* KKUILibrary */;
			targetProxy = 44F740042AF29C860073E499 /* PBXContainerItemProxy */;
		};
		44F740072AF29C860073E499 /* PBXTargetDependency */ = {
			isa = PBXTargetDependency;
			target = 30C689152AF0D3AF00C54250 /* KKInterview */;
			targetProxy = 44F740062AF29C860073E499 /* PBXContainerItemProxy */;
		};
		44F7400D2AF29C860073E499 /* PBXTargetDependency */ = {
			isa = PBXTargetDependency;
			target = 44F73FF82AF29C860073E499 /* KKUILibrary */;
			targetProxy = 44F7400C2AF29C860073E499 /* PBXContainerItemProxy */;
		};
		44F7404B2AF2A4EF0073E499 /* PBXTargetDependency */ = {
			isa = PBXTargetDependency;
			target = 44F740332AF2A4EC0073E499 /* KKInterview2 */;
			targetProxy = 44F7404A2AF2A4EF0073E499 /* PBXContainerItemProxy */;
		};
		44F740552AF2A4EF0073E499 /* PBXTargetDependency */ = {
			isa = PBXTargetDependency;
			target = 44F740332AF2A4EC0073E499 /* KKInterview2 */;
			targetProxy = 44F740542AF2A4EF0073E499 /* PBXContainerItemProxy */;
		};
/* End PBXTargetDependency section */

/* Begin PBXVariantGroup section */
		30C6891F2AF0D3AF00C54250 /* Main.storyboard */ = {
			isa = PBXVariantGroup;
			children = (
				30C689202AF0D3AF00C54250 /* Base */,
			);
			name = Main.storyboard;
			sourceTree = "<group>";
		};
		30C689242AF0D3B000C54250 /* LaunchScreen.storyboard */ = {
			isa = PBXVariantGroup;
			children = (
				30C689252AF0D3B000C54250 /* Base */,
			);
			name = LaunchScreen.storyboard;
			sourceTree = "<group>";
		};
		44F7403C2AF2A4EC0073E499 /* Main.storyboard */ = {
			isa = PBXVariantGroup;
			children = (
				44F7403D2AF2A4EC0073E499 /* Base */,
			);
			name = Main.storyboard;
			sourceTree = "<group>";
		};
		44F740412AF2A4EE0073E499 /* LaunchScreen.storyboard */ = {
			isa = PBXVariantGroup;
			children = (
				44F740422AF2A4EE0073E499 /* Base */,
			);
			name = LaunchScreen.storyboard;
			sourceTree = "<group>";
		};
/* End PBXVariantGroup section */

/* Begin XCBuildConfiguration section */
		30C6893E2AF0D3B000C54250 /* Debug */ = {
			isa = XCBuildConfiguration;
			buildSettings = {
				ALWAYS_SEARCH_USER_PATHS = NO;
				ASSETCATALOG_COMPILER_GENERATE_SWIFT_ASSET_SYMBOL_EXTENSIONS = YES;
				CLANG_ANALYZER_NONNULL = YES;
				CLANG_ANALYZER_NUMBER_OBJECT_CONVERSION = YES_AGGRESSIVE;
				CLANG_CXX_LANGUAGE_STANDARD = "gnu++20";
				CLANG_ENABLE_MODULES = YES;
				CLANG_ENABLE_OBJC_ARC = YES;
				CLANG_ENABLE_OBJC_WEAK = YES;
				CLANG_WARN_BLOCK_CAPTURE_AUTORELEASING = YES;
				CLANG_WARN_BOOL_CONVERSION = YES;
				CLANG_WARN_COMMA = YES;
				CLANG_WARN_CONSTANT_CONVERSION = YES;
				CLANG_WARN_DEPRECATED_OBJC_IMPLEMENTATIONS = YES;
				CLANG_WARN_DIRECT_OBJC_ISA_USAGE = YES_ERROR;
				CLANG_WARN_DOCUMENTATION_COMMENTS = YES;
				CLANG_WARN_EMPTY_BODY = YES;
				CLANG_WARN_ENUM_CONVERSION = YES;
				CLANG_WARN_INFINITE_RECURSION = YES;
				CLANG_WARN_INT_CONVERSION = YES;
				CLANG_WARN_NON_LITERAL_NULL_CONVERSION = YES;
				CLANG_WARN_OBJC_IMPLICIT_RETAIN_SELF = YES;
				CLANG_WARN_OBJC_LITERAL_CONVERSION = YES;
				CLANG_WARN_OBJC_ROOT_CLASS = YES_ERROR;
				CLANG_WARN_QUOTED_INCLUDE_IN_FRAMEWORK_HEADER = YES;
				CLANG_WARN_RANGE_LOOP_ANALYSIS = YES;
				CLANG_WARN_STRICT_PROTOTYPES = YES;
				CLANG_WARN_SUSPICIOUS_MOVE = YES;
				CLANG_WARN_UNGUARDED_AVAILABILITY = YES_AGGRESSIVE;
				CLANG_WARN_UNREACHABLE_CODE = YES;
				CLANG_WARN__DUPLICATE_METHOD_MATCH = YES;
				COPY_PHASE_STRIP = NO;
				DEBUG_INFORMATION_FORMAT = dwarf;
				ENABLE_STRICT_OBJC_MSGSEND = YES;
				ENABLE_TESTABILITY = YES;
				ENABLE_USER_SCRIPT_SANDBOXING = YES;
				GCC_C_LANGUAGE_STANDARD = gnu17;
				GCC_DYNAMIC_NO_PIC = NO;
				GCC_NO_COMMON_BLOCKS = YES;
				GCC_OPTIMIZATION_LEVEL = 0;
				GCC_PREPROCESSOR_DEFINITIONS = (
					"DEBUG=1",
					"$(inherited)",
				);
				GCC_WARN_64_TO_32_BIT_CONVERSION = YES;
				GCC_WARN_ABOUT_RETURN_TYPE = YES_ERROR;
				GCC_WARN_UNDECLARED_SELECTOR = YES;
				GCC_WARN_UNINITIALIZED_AUTOS = YES_AGGRESSIVE;
				GCC_WARN_UNUSED_FUNCTION = YES;
				GCC_WARN_UNUSED_VARIABLE = YES;
				IPHONEOS_DEPLOYMENT_TARGET = 17.0;
				LOCALIZATION_PREFERS_STRING_CATALOGS = YES;
				MTL_ENABLE_DEBUG_INFO = INCLUDE_SOURCE;
				MTL_FAST_MATH = YES;
				ONLY_ACTIVE_ARCH = YES;
				SDKROOT = iphoneos;
				SWIFT_ACTIVE_COMPILATION_CONDITIONS = "DEBUG $(inherited)";
				SWIFT_OPTIMIZATION_LEVEL = "-Onone";
			};
			name = Debug;
		};
		30C6893F2AF0D3B000C54250 /* Release */ = {
			isa = XCBuildConfiguration;
			buildSettings = {
				ALWAYS_SEARCH_USER_PATHS = NO;
				ASSETCATALOG_COMPILER_GENERATE_SWIFT_ASSET_SYMBOL_EXTENSIONS = YES;
				CLANG_ANALYZER_NONNULL = YES;
				CLANG_ANALYZER_NUMBER_OBJECT_CONVERSION = YES_AGGRESSIVE;
				CLANG_CXX_LANGUAGE_STANDARD = "gnu++20";
				CLANG_ENABLE_MODULES = YES;
				CLANG_ENABLE_OBJC_ARC = YES;
				CLANG_ENABLE_OBJC_WEAK = YES;
				CLANG_WARN_BLOCK_CAPTURE_AUTORELEASING = YES;
				CLANG_WARN_BOOL_CONVERSION = YES;
				CLANG_WARN_COMMA = YES;
				CLANG_WARN_CONSTANT_CONVERSION = YES;
				CLANG_WARN_DEPRECATED_OBJC_IMPLEMENTATIONS = YES;
				CLANG_WARN_DIRECT_OBJC_ISA_USAGE = YES_ERROR;
				CLANG_WARN_DOCUMENTATION_COMMENTS = YES;
				CLANG_WARN_EMPTY_BODY = YES;
				CLANG_WARN_ENUM_CONVERSION = YES;
				CLANG_WARN_INFINITE_RECURSION = YES;
				CLANG_WARN_INT_CONVERSION = YES;
				CLANG_WARN_NON_LITERAL_NULL_CONVERSION = YES;
				CLANG_WARN_OBJC_IMPLICIT_RETAIN_SELF = YES;
				CLANG_WARN_OBJC_LITERAL_CONVERSION = YES;
				CLANG_WARN_OBJC_ROOT_CLASS = YES_ERROR;
				CLANG_WARN_QUOTED_INCLUDE_IN_FRAMEWORK_HEADER = YES;
				CLANG_WARN_RANGE_LOOP_ANALYSIS = YES;
				CLANG_WARN_STRICT_PROTOTYPES = YES;
				CLANG_WARN_SUSPICIOUS_MOVE = YES;
				CLANG_WARN_UNGUARDED_AVAILABILITY = YES_AGGRESSIVE;
				CLANG_WARN_UNREACHABLE_CODE = YES;
				CLANG_WARN__DUPLICATE_METHOD_MATCH = YES;
				COPY_PHASE_STRIP = NO;
				DEBUG_INFORMATION_FORMAT = "dwarf-with-dsym";
				ENABLE_NS_ASSERTIONS = NO;
				ENABLE_STRICT_OBJC_MSGSEND = YES;
				ENABLE_USER_SCRIPT_SANDBOXING = YES;
				GCC_C_LANGUAGE_STANDARD = gnu17;
				GCC_NO_COMMON_BLOCKS = YES;
				GCC_WARN_64_TO_32_BIT_CONVERSION = YES;
				GCC_WARN_ABOUT_RETURN_TYPE = YES_ERROR;
				GCC_WARN_UNDECLARED_SELECTOR = YES;
				GCC_WARN_UNINITIALIZED_AUTOS = YES_AGGRESSIVE;
				GCC_WARN_UNUSED_FUNCTION = YES;
				GCC_WARN_UNUSED_VARIABLE = YES;
				IPHONEOS_DEPLOYMENT_TARGET = 17.0;
				LOCALIZATION_PREFERS_STRING_CATALOGS = YES;
				MTL_ENABLE_DEBUG_INFO = NO;
				MTL_FAST_MATH = YES;
				SDKROOT = iphoneos;
				SWIFT_COMPILATION_MODE = wholemodule;
				VALIDATE_PRODUCT = YES;
			};
			name = Release;
		};
		30C689412AF0D3B000C54250 /* Debug */ = {
			isa = XCBuildConfiguration;
			buildSettings = {
				ALWAYS_EMBED_SWIFT_STANDARD_LIBRARIES = YES;
				ASSETCATALOG_COMPILER_APPICON_NAME = AppIcon;
				ASSETCATALOG_COMPILER_GLOBAL_ACCENT_COLOR_NAME = AccentColor;
				CODE_SIGN_STYLE = Automatic;
				CURRENT_PROJECT_VERSION = 1;
				GENERATE_INFOPLIST_FILE = YES;
				INFOPLIST_FILE = KKInterview/Info.plist;
				INFOPLIST_KEY_UIApplicationSupportsIndirectInputEvents = YES;
				INFOPLIST_KEY_UILaunchStoryboardName = LaunchScreen;
				INFOPLIST_KEY_UIMainStoryboardFile = Main;
				INFOPLIST_KEY_UISupportedInterfaceOrientations_iPad = "UIInterfaceOrientationPortrait UIInterfaceOrientationPortraitUpsideDown UIInterfaceOrientationLandscapeLeft UIInterfaceOrientationLandscapeRight";
				INFOPLIST_KEY_UISupportedInterfaceOrientations_iPhone = "UIInterfaceOrientationPortrait UIInterfaceOrientationLandscapeLeft UIInterfaceOrientationLandscapeRight";
				LD_RUNPATH_SEARCH_PATHS = (
					"$(inherited)",
					"@executable_path/Frameworks",
				);
				MARKETING_VERSION = 1.0;
				PRODUCT_BUNDLE_IDENTIFIER = bingbing.KKInterview;
				PRODUCT_NAME = "$(TARGET_NAME)";
				SWIFT_EMIT_LOC_STRINGS = YES;
				SWIFT_VERSION = 5.0;
				TARGETED_DEVICE_FAMILY = "1,2";
			};
			name = Debug;
		};
		30C689422AF0D3B000C54250 /* Release */ = {
			isa = XCBuildConfiguration;
			buildSettings = {
				ALWAYS_EMBED_SWIFT_STANDARD_LIBRARIES = YES;
				ASSETCATALOG_COMPILER_APPICON_NAME = AppIcon;
				ASSETCATALOG_COMPILER_GLOBAL_ACCENT_COLOR_NAME = AccentColor;
				CODE_SIGN_STYLE = Automatic;
				CURRENT_PROJECT_VERSION = 1;
				GENERATE_INFOPLIST_FILE = YES;
				INFOPLIST_FILE = KKInterview/Info.plist;
				INFOPLIST_KEY_UIApplicationSupportsIndirectInputEvents = YES;
				INFOPLIST_KEY_UILaunchStoryboardName = LaunchScreen;
				INFOPLIST_KEY_UIMainStoryboardFile = Main;
				INFOPLIST_KEY_UISupportedInterfaceOrientations_iPad = "UIInterfaceOrientationPortrait UIInterfaceOrientationPortraitUpsideDown UIInterfaceOrientationLandscapeLeft UIInterfaceOrientationLandscapeRight";
				INFOPLIST_KEY_UISupportedInterfaceOrientations_iPhone = "UIInterfaceOrientationPortrait UIInterfaceOrientationLandscapeLeft UIInterfaceOrientationLandscapeRight";
				LD_RUNPATH_SEARCH_PATHS = (
					"$(inherited)",
					"@executable_path/Frameworks",
				);
				MARKETING_VERSION = 1.0;
				PRODUCT_BUNDLE_IDENTIFIER = bingbing.KKInterview;
				PRODUCT_NAME = "$(TARGET_NAME)";
				SWIFT_EMIT_LOC_STRINGS = YES;
				SWIFT_VERSION = 5.0;
				TARGETED_DEVICE_FAMILY = "1,2";
			};
			name = Release;
		};
		30C689442AF0D3B000C54250 /* Debug */ = {
			isa = XCBuildConfiguration;
			buildSettings = {
				ALWAYS_EMBED_SWIFT_STANDARD_LIBRARIES = YES;
				BUNDLE_LOADER = "$(TEST_HOST)";
				CODE_SIGN_STYLE = Automatic;
				CURRENT_PROJECT_VERSION = 1;
				GENERATE_INFOPLIST_FILE = YES;
				IPHONEOS_DEPLOYMENT_TARGET = 17.0;
				MARKETING_VERSION = 1.0;
				PRODUCT_BUNDLE_IDENTIFIER = bingbing.KKInterviewTests;
				PRODUCT_NAME = "$(TARGET_NAME)";
				SWIFT_EMIT_LOC_STRINGS = NO;
				SWIFT_VERSION = 5.0;
				TARGETED_DEVICE_FAMILY = "1,2";
				TEST_HOST = "$(BUILT_PRODUCTS_DIR)/KKInterview.app/$(BUNDLE_EXECUTABLE_FOLDER_PATH)/KKInterview";
			};
			name = Debug;
		};
		30C689452AF0D3B000C54250 /* Release */ = {
			isa = XCBuildConfiguration;
			buildSettings = {
				ALWAYS_EMBED_SWIFT_STANDARD_LIBRARIES = YES;
				BUNDLE_LOADER = "$(TEST_HOST)";
				CODE_SIGN_STYLE = Automatic;
				CURRENT_PROJECT_VERSION = 1;
				GENERATE_INFOPLIST_FILE = YES;
				IPHONEOS_DEPLOYMENT_TARGET = 17.0;
				MARKETING_VERSION = 1.0;
				PRODUCT_BUNDLE_IDENTIFIER = bingbing.KKInterviewTests;
				PRODUCT_NAME = "$(TARGET_NAME)";
				SWIFT_EMIT_LOC_STRINGS = NO;
				SWIFT_VERSION = 5.0;
				TARGETED_DEVICE_FAMILY = "1,2";
				TEST_HOST = "$(BUILT_PRODUCTS_DIR)/KKInterview.app/$(BUNDLE_EXECUTABLE_FOLDER_PATH)/KKInterview";
			};
			name = Release;
		};
		30C689472AF0D3B000C54250 /* Debug */ = {
			isa = XCBuildConfiguration;
			buildSettings = {
				ALWAYS_EMBED_SWIFT_STANDARD_LIBRARIES = YES;
				CODE_SIGN_STYLE = Automatic;
				CURRENT_PROJECT_VERSION = 1;
				GENERATE_INFOPLIST_FILE = YES;
				MARKETING_VERSION = 1.0;
				PRODUCT_BUNDLE_IDENTIFIER = bingbing.KKInterviewUITests;
				PRODUCT_NAME = "$(TARGET_NAME)";
				SWIFT_EMIT_LOC_STRINGS = NO;
				SWIFT_VERSION = 5.0;
				TARGETED_DEVICE_FAMILY = "1,2";
				TEST_TARGET_NAME = KKInterview;
			};
			name = Debug;
		};
		30C689482AF0D3B000C54250 /* Release */ = {
			isa = XCBuildConfiguration;
			buildSettings = {
				ALWAYS_EMBED_SWIFT_STANDARD_LIBRARIES = YES;
				CODE_SIGN_STYLE = Automatic;
				CURRENT_PROJECT_VERSION = 1;
				GENERATE_INFOPLIST_FILE = YES;
				MARKETING_VERSION = 1.0;
				PRODUCT_BUNDLE_IDENTIFIER = bingbing.KKInterviewUITests;
				PRODUCT_NAME = "$(TARGET_NAME)";
				SWIFT_EMIT_LOC_STRINGS = NO;
				SWIFT_VERSION = 5.0;
				TARGETED_DEVICE_FAMILY = "1,2";
				TEST_TARGET_NAME = KKInterview;
			};
			name = Release;
		};
		44F73FDF2AF14E110073E499 /* Debug */ = {
			isa = XCBuildConfiguration;
			buildSettings = {
				CODE_SIGN_STYLE = Automatic;
				CURRENT_PROJECT_VERSION = 1;
				DEFINES_MODULE = YES;
				DYLIB_COMPATIBILITY_VERSION = 1;
				DYLIB_CURRENT_VERSION = 1;
				DYLIB_INSTALL_NAME_BASE = "@rpath";
				ENABLE_MODULE_VERIFIER = YES;
				GENERATE_INFOPLIST_FILE = YES;
				INFOPLIST_KEY_NSHumanReadableCopyright = "";
				INSTALL_PATH = "$(LOCAL_LIBRARY_DIR)/Frameworks";
				LD_RUNPATH_SEARCH_PATHS = (
					"$(inherited)",
					"@executable_path/Frameworks",
					"@loader_path/Frameworks",
				);
				MARKETING_VERSION = 1.0;
				MODULE_VERIFIER_SUPPORTED_LANGUAGES = "objective-c objective-c++";
				MODULE_VERIFIER_SUPPORTED_LANGUAGE_STANDARDS = "gnu17 gnu++20";
				PRODUCT_BUNDLE_IDENTIFIER = tw.com.muqq.recruit.KKLibrary;
				PRODUCT_NAME = "$(TARGET_NAME:c99extidentifier)";
				SKIP_INSTALL = YES;
				SWIFT_EMIT_LOC_STRINGS = YES;
				SWIFT_VERSION = 5.0;
				TARGETED_DEVICE_FAMILY = "1,2";
				VERSIONING_SYSTEM = "apple-generic";
				VERSION_INFO_PREFIX = "";
			};
			name = Debug;
		};
		44F73FE02AF14E110073E499 /* Release */ = {
			isa = XCBuildConfiguration;
			buildSettings = {
				CODE_SIGN_STYLE = Automatic;
				CURRENT_PROJECT_VERSION = 1;
				DEFINES_MODULE = YES;
				DYLIB_COMPATIBILITY_VERSION = 1;
				DYLIB_CURRENT_VERSION = 1;
				DYLIB_INSTALL_NAME_BASE = "@rpath";
				ENABLE_MODULE_VERIFIER = YES;
				GENERATE_INFOPLIST_FILE = YES;
				INFOPLIST_KEY_NSHumanReadableCopyright = "";
				INSTALL_PATH = "$(LOCAL_LIBRARY_DIR)/Frameworks";
				LD_RUNPATH_SEARCH_PATHS = (
					"$(inherited)",
					"@executable_path/Frameworks",
					"@loader_path/Frameworks",
				);
				MARKETING_VERSION = 1.0;
				MODULE_VERIFIER_SUPPORTED_LANGUAGES = "objective-c objective-c++";
				MODULE_VERIFIER_SUPPORTED_LANGUAGE_STANDARDS = "gnu17 gnu++20";
				PRODUCT_BUNDLE_IDENTIFIER = tw.com.muqq.recruit.KKLibrary;
				PRODUCT_NAME = "$(TARGET_NAME:c99extidentifier)";
				SKIP_INSTALL = YES;
				SWIFT_EMIT_LOC_STRINGS = YES;
				SWIFT_VERSION = 5.0;
				TARGETED_DEVICE_FAMILY = "1,2";
				VERSIONING_SYSTEM = "apple-generic";
				VERSION_INFO_PREFIX = "";
			};
			name = Release;
		};
		44F73FE32AF14E110073E499 /* Debug */ = {
			isa = XCBuildConfiguration;
			buildSettings = {
				ALWAYS_EMBED_SWIFT_STANDARD_LIBRARIES = YES;
				CODE_SIGN_STYLE = Automatic;
				CURRENT_PROJECT_VERSION = 1;
				DEVELOPMENT_TEAM = 6GH2ZWT255;
				GENERATE_INFOPLIST_FILE = YES;
				MARKETING_VERSION = 1.0;
				PRODUCT_BUNDLE_IDENTIFIER = tw.com.muqq.recruit.KKLibraryTests;
				PRODUCT_NAME = "$(TARGET_NAME)";
				SWIFT_EMIT_LOC_STRINGS = NO;
				SWIFT_VERSION = 5.0;
				TARGETED_DEVICE_FAMILY = "1,2";
				TEST_HOST = "$(BUILT_PRODUCTS_DIR)/KKInterview.app/$(BUNDLE_EXECUTABLE_FOLDER_PATH)/KKInterview";
			};
			name = Debug;
		};
		44F73FE42AF14E110073E499 /* Release */ = {
			isa = XCBuildConfiguration;
			buildSettings = {
				ALWAYS_EMBED_SWIFT_STANDARD_LIBRARIES = YES;
				CODE_SIGN_STYLE = Automatic;
				CURRENT_PROJECT_VERSION = 1;
				DEVELOPMENT_TEAM = 6GH2ZWT255;
				GENERATE_INFOPLIST_FILE = YES;
				MARKETING_VERSION = 1.0;
				PRODUCT_BUNDLE_IDENTIFIER = tw.com.muqq.recruit.KKLibraryTests;
				PRODUCT_NAME = "$(TARGET_NAME)";
				SWIFT_EMIT_LOC_STRINGS = NO;
				SWIFT_VERSION = 5.0;
				TARGETED_DEVICE_FAMILY = "1,2";
				TEST_HOST = "$(BUILT_PRODUCTS_DIR)/KKInterview.app/$(BUNDLE_EXECUTABLE_FOLDER_PATH)/KKInterview";
			};
			name = Release;
		};
		44F740112AF29C860073E499 /* Debug */ = {
			isa = XCBuildConfiguration;
			buildSettings = {
				CODE_SIGN_STYLE = Automatic;
				CURRENT_PROJECT_VERSION = 1;
				DEFINES_MODULE = YES;
				DYLIB_COMPATIBILITY_VERSION = 1;
				DYLIB_CURRENT_VERSION = 1;
				DYLIB_INSTALL_NAME_BASE = "@rpath";
				ENABLE_MODULE_VERIFIER = YES;
				GENERATE_INFOPLIST_FILE = YES;
				INFOPLIST_KEY_NSHumanReadableCopyright = "";
				INSTALL_PATH = "$(LOCAL_LIBRARY_DIR)/Frameworks";
				LD_RUNPATH_SEARCH_PATHS = (
					"$(inherited)",
					"@executable_path/Frameworks",
					"@loader_path/Frameworks",
				);
				MARKETING_VERSION = 1.0;
				MODULE_VERIFIER_SUPPORTED_LANGUAGES = "objective-c objective-c++";
				MODULE_VERIFIER_SUPPORTED_LANGUAGE_STANDARDS = "gnu17 gnu++20";
				PRODUCT_BUNDLE_IDENTIFIER = tw.com.muqq.recruit.KKUILibrary;
				PRODUCT_NAME = "$(TARGET_NAME:c99extidentifier)";
				SKIP_INSTALL = YES;
				SWIFT_EMIT_LOC_STRINGS = YES;
				SWIFT_VERSION = 5.0;
				TARGETED_DEVICE_FAMILY = "1,2";
				VERSIONING_SYSTEM = "apple-generic";
				VERSION_INFO_PREFIX = "";
			};
			name = Debug;
		};
		44F740122AF29C860073E499 /* Release */ = {
			isa = XCBuildConfiguration;
			buildSettings = {
				CODE_SIGN_STYLE = Automatic;
				CURRENT_PROJECT_VERSION = 1;
				DEFINES_MODULE = YES;
				DYLIB_COMPATIBILITY_VERSION = 1;
				DYLIB_CURRENT_VERSION = 1;
				DYLIB_INSTALL_NAME_BASE = "@rpath";
				ENABLE_MODULE_VERIFIER = YES;
				GENERATE_INFOPLIST_FILE = YES;
				INFOPLIST_KEY_NSHumanReadableCopyright = "";
				INSTALL_PATH = "$(LOCAL_LIBRARY_DIR)/Frameworks";
				LD_RUNPATH_SEARCH_PATHS = (
					"$(inherited)",
					"@executable_path/Frameworks",
					"@loader_path/Frameworks",
				);
				MARKETING_VERSION = 1.0;
				MODULE_VERIFIER_SUPPORTED_LANGUAGES = "objective-c objective-c++";
				MODULE_VERIFIER_SUPPORTED_LANGUAGE_STANDARDS = "gnu17 gnu++20";
				PRODUCT_BUNDLE_IDENTIFIER = tw.com.muqq.recruit.KKUILibrary;
				PRODUCT_NAME = "$(TARGET_NAME:c99extidentifier)";
				SKIP_INSTALL = YES;
				SWIFT_EMIT_LOC_STRINGS = YES;
				SWIFT_VERSION = 5.0;
				TARGETED_DEVICE_FAMILY = "1,2";
				VERSIONING_SYSTEM = "apple-generic";
				VERSION_INFO_PREFIX = "";
			};
			name = Release;
		};
		44F740142AF29C860073E499 /* Debug */ = {
			isa = XCBuildConfiguration;
			buildSettings = {
				ALWAYS_EMBED_SWIFT_STANDARD_LIBRARIES = YES;
				CODE_SIGN_STYLE = Automatic;
				CURRENT_PROJECT_VERSION = 1;
				DEVELOPMENT_TEAM = 6GH2ZWT255;
				GENERATE_INFOPLIST_FILE = YES;
				MARKETING_VERSION = 1.0;
				PRODUCT_BUNDLE_IDENTIFIER = tw.com.muqq.recruit.KKUILibraryTests;
				PRODUCT_NAME = "$(TARGET_NAME)";
				SWIFT_EMIT_LOC_STRINGS = NO;
				SWIFT_VERSION = 5.0;
				TARGETED_DEVICE_FAMILY = "1,2";
				TEST_HOST = "$(BUILT_PRODUCTS_DIR)/KKInterview.app/$(BUNDLE_EXECUTABLE_FOLDER_PATH)/KKInterview";
			};
			name = Debug;
		};
		44F740152AF29C860073E499 /* Release */ = {
			isa = XCBuildConfiguration;
			buildSettings = {
				ALWAYS_EMBED_SWIFT_STANDARD_LIBRARIES = YES;
				CODE_SIGN_STYLE = Automatic;
				CURRENT_PROJECT_VERSION = 1;
				DEVELOPMENT_TEAM = 6GH2ZWT255;
				GENERATE_INFOPLIST_FILE = YES;
				MARKETING_VERSION = 1.0;
				PRODUCT_BUNDLE_IDENTIFIER = tw.com.muqq.recruit.KKUILibraryTests;
				PRODUCT_NAME = "$(TARGET_NAME)";
				SWIFT_EMIT_LOC_STRINGS = NO;
				SWIFT_VERSION = 5.0;
				TARGETED_DEVICE_FAMILY = "1,2";
				TEST_HOST = "$(BUILT_PRODUCTS_DIR)/KKInterview.app/$(BUNDLE_EXECUTABLE_FOLDER_PATH)/KKInterview";
			};
			name = Release;
		};
		44F7405C2AF2A4EF0073E499 /* Debug */ = {
			isa = XCBuildConfiguration;
			buildSettings = {
				ASSETCATALOG_COMPILER_APPICON_NAME = AppIcon;
				ASSETCATALOG_COMPILER_GLOBAL_ACCENT_COLOR_NAME = AccentColor;
				CODE_SIGN_STYLE = Automatic;
				CURRENT_PROJECT_VERSION = 1;
				DEVELOPMENT_TEAM = 6GH2ZWT255;
				GENERATE_INFOPLIST_FILE = YES;
				INFOPLIST_FILE = KKInterview2/Info.plist;
				INFOPLIST_KEY_UIApplicationSupportsIndirectInputEvents = YES;
				INFOPLIST_KEY_UILaunchStoryboardName = LaunchScreen;
				INFOPLIST_KEY_UIMainStoryboardFile = Main;
				INFOPLIST_KEY_UISupportedInterfaceOrientations_iPad = "UIInterfaceOrientationPortrait UIInterfaceOrientationPortraitUpsideDown UIInterfaceOrientationLandscapeLeft UIInterfaceOrientationLandscapeRight";
				INFOPLIST_KEY_UISupportedInterfaceOrientations_iPhone = "UIInterfaceOrientationPortrait UIInterfaceOrientationLandscapeLeft UIInterfaceOrientationLandscapeRight";
				LD_RUNPATH_SEARCH_PATHS = (
					"$(inherited)",
					"@executable_path/Frameworks",
				);
				MARKETING_VERSION = 1.0;
				PRODUCT_BUNDLE_IDENTIFIER = tw.com.muqq.recruit.KKInterview2;
				PRODUCT_NAME = "$(TARGET_NAME)";
				SWIFT_EMIT_LOC_STRINGS = YES;
				SWIFT_VERSION = 5.0;
				TARGETED_DEVICE_FAMILY = "1,2";
			};
			name = Debug;
		};
		44F7405D2AF2A4EF0073E499 /* Release */ = {
			isa = XCBuildConfiguration;
			buildSettings = {
				ASSETCATALOG_COMPILER_APPICON_NAME = AppIcon;
				ASSETCATALOG_COMPILER_GLOBAL_ACCENT_COLOR_NAME = AccentColor;
				CODE_SIGN_STYLE = Automatic;
				CURRENT_PROJECT_VERSION = 1;
				DEVELOPMENT_TEAM = 6GH2ZWT255;
				GENERATE_INFOPLIST_FILE = YES;
				INFOPLIST_FILE = KKInterview2/Info.plist;
				INFOPLIST_KEY_UIApplicationSupportsIndirectInputEvents = YES;
				INFOPLIST_KEY_UILaunchStoryboardName = LaunchScreen;
				INFOPLIST_KEY_UIMainStoryboardFile = Main;
				INFOPLIST_KEY_UISupportedInterfaceOrientations_iPad = "UIInterfaceOrientationPortrait UIInterfaceOrientationPortraitUpsideDown UIInterfaceOrientationLandscapeLeft UIInterfaceOrientationLandscapeRight";
				INFOPLIST_KEY_UISupportedInterfaceOrientations_iPhone = "UIInterfaceOrientationPortrait UIInterfaceOrientationLandscapeLeft UIInterfaceOrientationLandscapeRight";
				LD_RUNPATH_SEARCH_PATHS = (
					"$(inherited)",
					"@executable_path/Frameworks",
				);
				MARKETING_VERSION = 1.0;
				PRODUCT_BUNDLE_IDENTIFIER = tw.com.muqq.recruit.KKInterview2;
				PRODUCT_NAME = "$(TARGET_NAME)";
				SWIFT_EMIT_LOC_STRINGS = YES;
				SWIFT_VERSION = 5.0;
				TARGETED_DEVICE_FAMILY = "1,2";
			};
			name = Release;
		};
		44F7405F2AF2A4EF0073E499 /* Debug */ = {
			isa = XCBuildConfiguration;
			buildSettings = {
				ALWAYS_EMBED_SWIFT_STANDARD_LIBRARIES = YES;
				BUNDLE_LOADER = "$(TEST_HOST)";
				CODE_SIGN_STYLE = Automatic;
				CURRENT_PROJECT_VERSION = 1;
				DEVELOPMENT_TEAM = 6GH2ZWT255;
				GENERATE_INFOPLIST_FILE = YES;
				IPHONEOS_DEPLOYMENT_TARGET = 17.0;
				MARKETING_VERSION = 1.0;
				PRODUCT_BUNDLE_IDENTIFIER = tw.com.muqq.recruit.KKInterview2Tests;
				PRODUCT_NAME = "$(TARGET_NAME)";
				SWIFT_EMIT_LOC_STRINGS = NO;
				SWIFT_VERSION = 5.0;
				TARGETED_DEVICE_FAMILY = "1,2";
				TEST_HOST = "$(BUILT_PRODUCTS_DIR)/KKInterview2.app/$(BUNDLE_EXECUTABLE_FOLDER_PATH)/KKInterview2";
			};
			name = Debug;
		};
		44F740602AF2A4EF0073E499 /* Release */ = {
			isa = XCBuildConfiguration;
			buildSettings = {
				ALWAYS_EMBED_SWIFT_STANDARD_LIBRARIES = YES;
				BUNDLE_LOADER = "$(TEST_HOST)";
				CODE_SIGN_STYLE = Automatic;
				CURRENT_PROJECT_VERSION = 1;
				DEVELOPMENT_TEAM = 6GH2ZWT255;
				GENERATE_INFOPLIST_FILE = YES;
				IPHONEOS_DEPLOYMENT_TARGET = 17.0;
				MARKETING_VERSION = 1.0;
				PRODUCT_BUNDLE_IDENTIFIER = tw.com.muqq.recruit.KKInterview2Tests;
				PRODUCT_NAME = "$(TARGET_NAME)";
				SWIFT_EMIT_LOC_STRINGS = NO;
				SWIFT_VERSION = 5.0;
				TARGETED_DEVICE_FAMILY = "1,2";
				TEST_HOST = "$(BUILT_PRODUCTS_DIR)/KKInterview2.app/$(BUNDLE_EXECUTABLE_FOLDER_PATH)/KKInterview2";
			};
			name = Release;
		};
		44F740622AF2A4EF0073E499 /* Debug */ = {
			isa = XCBuildConfiguration;
			buildSettings = {
				ALWAYS_EMBED_SWIFT_STANDARD_LIBRARIES = YES;
				CODE_SIGN_STYLE = Automatic;
				CURRENT_PROJECT_VERSION = 1;
				DEVELOPMENT_TEAM = 6GH2ZWT255;
				GENERATE_INFOPLIST_FILE = YES;
				MARKETING_VERSION = 1.0;
				PRODUCT_BUNDLE_IDENTIFIER = tw.com.muqq.recruit.KKInterview2UITests;
				PRODUCT_NAME = "$(TARGET_NAME)";
				SWIFT_EMIT_LOC_STRINGS = NO;
				SWIFT_VERSION = 5.0;
				TARGETED_DEVICE_FAMILY = "1,2";
				TEST_TARGET_NAME = KKInterview2;
			};
			name = Debug;
		};
		44F740632AF2A4EF0073E499 /* Release */ = {
			isa = XCBuildConfiguration;
			buildSettings = {
				ALWAYS_EMBED_SWIFT_STANDARD_LIBRARIES = YES;
				CODE_SIGN_STYLE = Automatic;
				CURRENT_PROJECT_VERSION = 1;
				DEVELOPMENT_TEAM = 6GH2ZWT255;
				GENERATE_INFOPLIST_FILE = YES;
				MARKETING_VERSION = 1.0;
				PRODUCT_BUNDLE_IDENTIFIER = tw.com.muqq.recruit.KKInterview2UITests;
				PRODUCT_NAME = "$(TARGET_NAME)";
				SWIFT_EMIT_LOC_STRINGS = NO;
				SWIFT_VERSION = 5.0;
				TARGETED_DEVICE_FAMILY = "1,2";
				TEST_TARGET_NAME = KKInterview2;
			};
			name = Release;
		};
/* End XCBuildConfiguration section */

/* Begin XCConfigurationList section */
		30C689112AF0D3AF00C54250 /* Build configuration list for PBXProject "KKInterview" */ = {
			isa = XCConfigurationList;
			buildConfigurations = (
				30C6893E2AF0D3B000C54250 /* Debug */,
				30C6893F2AF0D3B000C54250 /* Release */,
			);
			defaultConfigurationIsVisible = 0;
			defaultConfigurationName = Release;
		};
		30C689402AF0D3B000C54250 /* Build configuration list for PBXNativeTarget "KKInterview" */ = {
			isa = XCConfigurationList;
			buildConfigurations = (
				30C689412AF0D3B000C54250 /* Debug */,
				30C689422AF0D3B000C54250 /* Release */,
			);
			defaultConfigurationIsVisible = 0;
			defaultConfigurationName = Release;
		};
		30C689432AF0D3B000C54250 /* Build configuration list for PBXNativeTarget "KKInterviewTests" */ = {
			isa = XCConfigurationList;
			buildConfigurations = (
				30C689442AF0D3B000C54250 /* Debug */,
				30C689452AF0D3B000C54250 /* Release */,
			);
			defaultConfigurationIsVisible = 0;
			defaultConfigurationName = Release;
		};
		30C689462AF0D3B000C54250 /* Build configuration list for PBXNativeTarget "KKInterviewUITests" */ = {
			isa = XCConfigurationList;
			buildConfigurations = (
				30C689472AF0D3B000C54250 /* Debug */,
				30C689482AF0D3B000C54250 /* Release */,
			);
			defaultConfigurationIsVisible = 0;
			defaultConfigurationName = Release;
		};
		44F73FDE2AF14E110073E499 /* Build configuration list for PBXNativeTarget "KKLibrary" */ = {
			isa = XCConfigurationList;
			buildConfigurations = (
				44F73FDF2AF14E110073E499 /* Debug */,
				44F73FE02AF14E110073E499 /* Release */,
			);
			defaultConfigurationIsVisible = 0;
			defaultConfigurationName = Release;
		};
		44F73FE22AF14E110073E499 /* Build configuration list for PBXNativeTarget "KKLibraryTests" */ = {
			isa = XCConfigurationList;
			buildConfigurations = (
				44F73FE32AF14E110073E499 /* Debug */,
				44F73FE42AF14E110073E499 /* Release */,
			);
			defaultConfigurationIsVisible = 0;
			defaultConfigurationName = Release;
		};
		44F740102AF29C860073E499 /* Build configuration list for PBXNativeTarget "KKUILibrary" */ = {
			isa = XCConfigurationList;
			buildConfigurations = (
				44F740112AF29C860073E499 /* Debug */,
				44F740122AF29C860073E499 /* Release */,
			);
			defaultConfigurationIsVisible = 0;
			defaultConfigurationName = Release;
		};
		44F740132AF29C860073E499 /* Build configuration list for PBXNativeTarget "KKUILibraryTests" */ = {
			isa = XCConfigurationList;
			buildConfigurations = (
				44F740142AF29C860073E499 /* Debug */,
				44F740152AF29C860073E499 /* Release */,
			);
			defaultConfigurationIsVisible = 0;
			defaultConfigurationName = Release;
		};
		44F7405B2AF2A4EF0073E499 /* Build configuration list for PBXNativeTarget "KKInterview2" */ = {
			isa = XCConfigurationList;
			buildConfigurations = (
				44F7405C2AF2A4EF0073E499 /* Debug */,
				44F7405D2AF2A4EF0073E499 /* Release */,
			);
			defaultConfigurationIsVisible = 0;
			defaultConfigurationName = Release;
		};
		44F7405E2AF2A4EF0073E499 /* Build configuration list for PBXNativeTarget "KKInterview2Tests" */ = {
			isa = XCConfigurationList;
			buildConfigurations = (
				44F7405F2AF2A4EF0073E499 /* Debug */,
				44F740602AF2A4EF0073E499 /* Release */,
			);
			defaultConfigurationIsVisible = 0;
			defaultConfigurationName = Release;
		};
		44F740612AF2A4EF0073E499 /* Build configuration list for PBXNativeTarget "KKInterview2UITests" */ = {
			isa = XCConfigurationList;
			buildConfigurations = (
				44F740622AF2A4EF0073E499 /* Debug */,
				44F740632AF2A4EF0073E499 /* Release */,
			);
			defaultConfigurationIsVisible = 0;
			defaultConfigurationName = Release;
		};
/* End XCConfigurationList section */

/* Begin XCRemoteSwiftPackageReference section */
		30C689492AF0D41C00C54250 /* XCRemoteSwiftPackageReference "swift-composable-architecture" */ = {
			isa = XCRemoteSwiftPackageReference;
			repositoryURL = "https://github.com/pointfreeco/swift-composable-architecture.git";
			requirement = {
				kind = upToNextMajorVersion;
				minimumVersion = 1.3.0;
			};
		};
		30C6895E2AF0E7D900C54250 /* XCRemoteSwiftPackageReference "FloatingPanel" */ = {
			isa = XCRemoteSwiftPackageReference;
			repositoryURL = "https://github.com/scenee/FloatingPanel.git";
			requirement = {
				kind = upToNextMajorVersion;
				minimumVersion = 2.8.0;
			};
		};
		30C689632AF0E83800C54250 /* XCRemoteSwiftPackageReference "UIComponent" */ = {
			isa = XCRemoteSwiftPackageReference;
			repositoryURL = "https://github.com/lkzhao/UIComponent.git";
			requirement = {
				kind = upToNextMajorVersion;
				minimumVersion = 1.4.5;
			};
		};
/* End XCRemoteSwiftPackageReference section */

/* Begin XCSwiftPackageProductDependency section */
		30C6894A2AF0D41D00C54250 /* ComposableArchitecture */ = {
			isa = XCSwiftPackageProductDependency;
			package = 30C689492AF0D41C00C54250 /* XCRemoteSwiftPackageReference "swift-composable-architecture" */;
			productName = ComposableArchitecture;
		};
		30C6895F2AF0E7D900C54250 /* FloatingPanel */ = {
			isa = XCSwiftPackageProductDependency;
			package = 30C6895E2AF0E7D900C54250 /* XCRemoteSwiftPackageReference "FloatingPanel" */;
			productName = FloatingPanel;
		};
		30C689642AF0E83800C54250 /* UIComponent */ = {
			isa = XCSwiftPackageProductDependency;
			package = 30C689632AF0E83800C54250 /* XCRemoteSwiftPackageReference "UIComponent" */;
			productName = UIComponent;
		};
		44F740252AF29D7E0073E499 /* FloatingPanel */ = {
			isa = XCSwiftPackageProductDependency;
			package = 30C6895E2AF0E7D900C54250 /* XCRemoteSwiftPackageReference "FloatingPanel" */;
			productName = FloatingPanel;
		};
/* End XCSwiftPackageProductDependency section */
	};
	rootObject = 30C6890E2AF0D3AF00C54250 /* Project object */;
}
